// !$*UTF8*$!
{
	archiveVersion = 1;
	classes = {
	};
	objectVersion = 55;
	objects = {

/* Begin PBXBuildFile section */
		FE34E5962704B84800D8ABED /* AppDelegate.swift in Sources */ = {isa = PBXBuildFile; fileRef = FE34E5952704B84800D8ABED /* AppDelegate.swift */; };
		FE34E5982704B84800D8ABED /* SceneDelegate.swift in Sources */ = {isa = PBXBuildFile; fileRef = FE34E5972704B84800D8ABED /* SceneDelegate.swift */; };
		FE34E59A2704B84800D8ABED /* ViewController.swift in Sources */ = {isa = PBXBuildFile; fileRef = FE34E5992704B84800D8ABED /* ViewController.swift */; };
		FE34E59D2704B84800D8ABED /* Main.storyboard in Resources */ = {isa = PBXBuildFile; fileRef = FE34E59B2704B84800D8ABED /* Main.storyboard */; };
		FE34E59F2704B84A00D8ABED /* Assets.xcassets in Resources */ = {isa = PBXBuildFile; fileRef = FE34E59E2704B84A00D8ABED /* Assets.xcassets */; };
		FE34E5A22704B84A00D8ABED /* LaunchScreen.storyboard in Resources */ = {isa = PBXBuildFile; fileRef = FE34E5A02704B84A00D8ABED /* LaunchScreen.storyboard */; };
		FE34E5AA2704B94B00D8ABED /* MainViewController.swift in Sources */ = {isa = PBXBuildFile; fileRef = FE34E5A92704B94B00D8ABED /* MainViewController.swift */; };
		FE34E5D62705FA8F00D8ABED /* singupViewController.swift in Sources */ = {isa = PBXBuildFile; fileRef = FE34E5D52705FA8F00D8ABED /* singupViewController.swift */; };
		FEB750472705FD9F004B175E /* placeholder.swift in Sources */ = {isa = PBXBuildFile; fileRef = FEB750462705FD9F004B175E /* placeholder.swift */; };
/* End PBXBuildFile section */

/* Begin PBXFileReference section */
		FE34E5922704B84800D8ABED /* ssacflex2.app */ = {isa = PBXFileReference; explicitFileType = wrapper.application; includeInIndex = 0; path = ssacflex2.app; sourceTree = BUILT_PRODUCTS_DIR; };
		FE34E5952704B84800D8ABED /* AppDelegate.swift */ = {isa = PBXFileReference; lastKnownFileType = sourcecode.swift; path = AppDelegate.swift; sourceTree = "<group>"; };
		FE34E5972704B84800D8ABED /* SceneDelegate.swift */ = {isa = PBXFileReference; lastKnownFileType = sourcecode.swift; path = SceneDelegate.swift; sourceTree = "<group>"; };
		FE34E5992704B84800D8ABED /* ViewController.swift */ = {isa = PBXFileReference; lastKnownFileType = sourcecode.swift; path = ViewController.swift; sourceTree = "<group>"; };
		FE34E59C2704B84800D8ABED /* Base */ = {isa = PBXFileReference; lastKnownFileType = file.storyboard; name = Base; path = Base.lproj/Main.storyboard; sourceTree = "<group>"; };
		FE34E59E2704B84A00D8ABED /* Assets.xcassets */ = {isa = PBXFileReference; lastKnownFileType = folder.assetcatalog; path = Assets.xcassets; sourceTree = "<group>"; };
		FE34E5A12704B84A00D8ABED /* Base */ = {isa = PBXFileReference; lastKnownFileType = file.storyboard; name = Base; path = Base.lproj/LaunchScreen.storyboard; sourceTree = "<group>"; };
		FE34E5A32704B84A00D8ABED /* Info.plist */ = {isa = PBXFileReference; lastKnownFileType = text.plist.xml; path = Info.plist; sourceTree = "<group>"; };
		FE34E5A92704B94B00D8ABED /* MainViewController.swift */ = {isa = PBXFileReference; lastKnownFileType = sourcecode.swift; path = MainViewController.swift; sourceTree = "<group>"; };
		FE34E5D52705FA8F00D8ABED /* singupViewController.swift */ = {isa = PBXFileReference; lastKnownFileType = sourcecode.swift; path = singupViewController.swift; sourceTree = "<group>"; };
		FEB750462705FD9F004B175E /* placeholder.swift */ = {isa = PBXFileReference; lastKnownFileType = sourcecode.swift; path = placeholder.swift; sourceTree = "<group>"; };
/* End PBXFileReference section */

/* Begin PBXFrameworksBuildPhase section */
		FE34E58F2704B84800D8ABED /* Frameworks */ = {
			isa = PBXFrameworksBuildPhase;
			buildActionMask = 2147483647;
			files = (
			);
			runOnlyForDeploymentPostprocessing = 0;
		};
/* End PBXFrameworksBuildPhase section */

/* Begin PBXGroup section */
		FE34E5892704B84800D8ABED = {
			isa = PBXGroup;
			children = (
				FE34E5942704B84800D8ABED /* ssacflex2 */,
				FE34E5932704B84800D8ABED /* Products */,
			);
			sourceTree = "<group>";
		};
		FE34E5932704B84800D8ABED /* Products */ = {
			isa = PBXGroup;
			children = (
				FE34E5922704B84800D8ABED /* ssacflex2.app */,
			);
			name = Products;
			sourceTree = "<group>";
		};
		FE34E5942704B84800D8ABED /* ssacflex2 */ = {
			isa = PBXGroup;
			children = (
				FE34E5952704B84800D8ABED /* AppDelegate.swift */,
				FE34E5972704B84800D8ABED /* SceneDelegate.swift */,
				FE34E5992704B84800D8ABED /* ViewController.swift */,
				FE34E59B2704B84800D8ABED /* Main.storyboard */,
				FE34E5D52705FA8F00D8ABED /* singupViewController.swift */,
				FEB750462705FD9F004B175E /* placeholder.swift */,
				FE34E5A92704B94B00D8ABED /* MainViewController.swift */,
				FE34E59E2704B84A00D8ABED /* Assets.xcassets */,
				FE34E5A02704B84A00D8ABED /* LaunchScreen.storyboard */,
				FE34E5A32704B84A00D8ABED /* Info.plist */,
			);
			path = ssacflex2;
			sourceTree = "<group>";
		};
/* End PBXGroup section */

/* Begin PBXNativeTarget section */
		FE34E5912704B84800D8ABED /* ssacflex2 */ = {
			isa = PBXNativeTarget;
			buildConfigurationList = FE34E5A62704B84A00D8ABED /* Build configuration list for PBXNativeTarget "ssacflex2" */;
			buildPhases = (
				FE34E58E2704B84800D8ABED /* Sources */,
				FE34E58F2704B84800D8ABED /* Frameworks */,
				FE34E5902704B84800D8ABED /* Resources */,
			);
			buildRules = (
			);
			dependencies = (
			);
			name = ssacflex2;
			productName = ssacflex2;
			productReference = FE34E5922704B84800D8ABED /* ssacflex2.app */;
			productType = "com.apple.product-type.application";
		};
/* End PBXNativeTarget section */

/* Begin PBXProject section */
		FE34E58A2704B84800D8ABED /* Project object */ = {
			isa = PBXProject;
			attributes = {
				BuildIndependentTargetsInParallel = 1;
				LastSwiftUpdateCheck = 1300;
				LastUpgradeCheck = 1300;
				TargetAttributes = {
					FE34E5912704B84800D8ABED = {
						CreatedOnToolsVersion = 13.0;
					};
				};
			};
			buildConfigurationList = FE34E58D2704B84800D8ABED /* Build configuration list for PBXProject "ssacflex2" */;
			compatibilityVersion = "Xcode 13.0";
			developmentRegion = en;
			hasScannedForEncodings = 0;
			knownRegions = (
				en,
				Base,
			);
			mainGroup = FE34E5892704B84800D8ABED;
			productRefGroup = FE34E5932704B84800D8ABED /* Products */;
			projectDirPath = "";
			projectRoot = "";
			targets = (
				FE34E5912704B84800D8ABED /* ssacflex2 */,
			);
		};
/* End PBXProject section */

/* Begin PBXResourcesBuildPhase section */
		FE34E5902704B84800D8ABED /* Resources */ = {
			isa = PBXResourcesBuildPhase;
			buildActionMask = 2147483647;
			files = (
				FE34E5A22704B84A00D8ABED /* LaunchScreen.storyboard in Resources */,
				FE34E59F2704B84A00D8ABED /* Assets.xcassets in Resources */,
				FE34E59D2704B84800D8ABED /* Main.storyboard in Resources */,
			);
			runOnlyForDeploymentPostprocessing = 0;
		};
/* End PBXResourcesBuildPhase section */

/* Begin PBXSourcesBuildPhase section */
		FE34E58E2704B84800D8ABED /* Sources */ = {
			isa = PBXSourcesBuildPhase;
			buildActionMask = 2147483647;
			files = (
				FE34E59A2704B84800D8ABED /* ViewController.swift in Sources */,
				FE34E5D62705FA8F00D8ABED /* singupViewController.swift in Sources */,
				FE34E5962704B84800D8ABED /* AppDelegate.swift in Sources */,
				FEB750472705FD9F004B175E /* placeholder.swift in Sources */,
				FE34E5982704B84800D8ABED /* SceneDelegate.swift in Sources */,
				FE34E5AA2704B94B00D8ABED /* MainViewController.swift in Sources */,
			);
			runOnlyForDeploymentPostprocessing = 0;
		};
/* End PBXSourcesBuildPhase section */

/* Begin PBXVariantGroup section */
		FE34E59B2704B84800D8ABED /* Main.storyboard */ = {
			isa = PBXVariantGroup;
			children = (
				FE34E59C2704B84800D8ABED /* Base */,
			);
			name = Main.storyboard;
			sourceTree = "<group>";
		};
		FE34E5A02704B84A00D8ABED /* LaunchScreen.storyboard */ = {
			isa = PBXVariantGroup;
			children = (
				FE34E5A12704B84A00D8ABED /* Base */,
			);
			name = LaunchScreen.storyboard;
			sourceTree = "<group>";
		};
/* End PBXVariantGroup section */

/* Begin XCBuildConfiguration section */
		FE34E5A42704B84A00D8ABED /* Debug */ = {
			isa = XCBuildConfiguration;
			buildSettings = {
				ALWAYS_SEARCH_USER_PATHS = NO;
				CLANG_ANALYZER_NONNULL = YES;
				CLANG_ANALYZER_NUMBER_OBJECT_CONVERSION = YES_AGGRESSIVE;
				CLANG_CXX_LANGUAGE_STANDARD = "gnu++17";
				CLANG_CXX_LIBRARY = "libc++";
				CLANG_ENABLE_MODULES = YES;
				CLANG_ENABLE_OBJC_ARC = YES;
				CLANG_ENABLE_OBJC_WEAK = YES;
				CLANG_WARN_BLOCK_CAPTURE_AUTORELEASING = YES;
				CLANG_WARN_BOOL_CONVERSION = YES;
				CLANG_WARN_COMMA = YES;
				CLANG_WARN_CONSTANT_CONVERSION = YES;
				CLANG_WARN_DEPRECATED_OBJC_IMPLEMENTATIONS = YES;
				CLANG_WARN_DIRECT_OBJC_ISA_USAGE = YES_ERROR;
				CLANG_WARN_DOCUMENTATION_COMMENTS = YES;
				CLANG_WARN_EMPTY_BODY = YES;
				CLANG_WARN_ENUM_CONVERSION = YES;
				CLANG_WARN_INFINITE_RECURSION = YES;
				CLANG_WARN_INT_CONVERSION = YES;
				CLANG_WARN_NON_LITERAL_NULL_CONVERSION = YES;
				CLANG_WARN_OBJC_IMPLICIT_RETAIN_SELF = YES;
				CLANG_WARN_OBJC_LITERAL_CONVERSION = YES;
				CLANG_WARN_OBJC_ROOT_CLASS = YES_ERROR;
				CLANG_WARN_QUOTED_INCLUDE_IN_FRAMEWORK_HEADER = YES;
				CLANG_WARN_RANGE_LOOP_ANALYSIS = YES;
				CLANG_WARN_STRICT_PROTOTYPES = YES;
				CLANG_WARN_SUSPICIOUS_MOVE = YES;
				CLANG_WARN_UNGUARDED_AVAILABILITY = YES_AGGRESSIVE;
				CLANG_WARN_UNREACHABLE_CODE = YES;
				CLANG_WARN__DUPLICATE_METHOD_MATCH = YES;
				COPY_PHASE_STRIP = NO;
				DEBUG_INFORMATION_FORMAT = dwarf;
				ENABLE_STRICT_OBJC_MSGSEND = YES;
				ENABLE_TESTABILITY = YES;
				GCC_C_LANGUAGE_STANDARD = gnu11;
				GCC_DYNAMIC_NO_PIC = NO;
				GCC_NO_COMMON_BLOCKS = YES;
				GCC_OPTIMIZATION_LEVEL = 0;
				GCC_PREPROCESSOR_DEFINITIONS = (
					"DEBUG=1",
					"$(inherited)",
				);
				GCC_WARN_64_TO_32_BIT_CONVERSION = YES;
				GCC_WARN_ABOUT_RETURN_TYPE = YES_ERROR;
				GCC_WARN_UNDECLARED_SELECTOR = YES;
				GCC_WARN_UNINITIALIZED_AUTOS = YES_AGGRESSIVE;
				GCC_WARN_UNUSED_FUNCTION = YES;
				GCC_WARN_UNUSED_VARIABLE = YES;
				IPHONEOS_DEPLOYMENT_TARGET = 15.0;
				MTL_ENABLE_DEBUG_INFO = INCLUDE_SOURCE;
				MTL_FAST_MATH = YES;
				ONLY_ACTIVE_ARCH = YES;
				SDKROOT = iphoneos;
				SWIFT_ACTIVE_COMPILATION_CONDITIONS = DEBUG;
				SWIFT_OPTIMIZATION_LEVEL = "-Onone";
			};
			name = Debug;
		};
		FE34E5A52704B84A00D8ABED /* Release */ = {
			isa = XCBuildConfiguration;
			buildSettings = {
				ALWAYS_SEARCH_USER_PATHS = NO;
				CLANG_ANALYZER_NONNULL = YES;
				CLANG_ANALYZER_NUMBER_OBJECT_CONVERSION = YES_AGGRESSIVE;
				CLANG_CXX_LANGUAGE_STANDARD = "gnu++17";
				CLANG_CXX_LIBRARY = "libc++";
				CLANG_ENABLE_MODULES = YES;
				CLANG_ENABLE_OBJC_ARC = YES;
				CLANG_ENABLE_OBJC_WEAK = YES;
				CLANG_WARN_BLOCK_CAPTURE_AUTORELEASING = YES;
				CLANG_WARN_BOOL_CONVERSION = YES;
				CLANG_WARN_COMMA = YES;
				CLANG_WARN_CONSTANT_CONVERSION = YES;
				CLANG_WARN_DEPRECATED_OBJC_IMPLEMENTATIONS = YES;
				CLANG_WARN_DIRECT_OBJC_ISA_USAGE = YES_ERROR;
				CLANG_WARN_DOCUMENTATION_COMMENTS = YES;
				CLANG_WARN_EMPTY_BODY = YES;
				CLANG_WARN_ENUM_CONVERSION = YES;
				CLANG_WARN_INFINITE_RECURSION = YES;
				CLANG_WARN_INT_CONVERSION = YES;
				CLANG_WARN_NON_LITERAL_NULL_CONVERSION = YES;
				CLANG_WARN_OBJC_IMPLICIT_RETAIN_SELF = YES;
				CLANG_WARN_OBJC_LITERAL_CONVERSION = YES;
				CLANG_WARN_OBJC_ROOT_CLASS = YES_ERROR;
				CLANG_WARN_QUOTED_INCLUDE_IN_FRAMEWORK_HEADER = YES;
				CLANG_WARN_RANGE_LOOP_ANALYSIS = YES;
				CLANG_WARN_STRICT_PROTOTYPES = YES;
				CLANG_WARN_SUSPICIOUS_MOVE = YES;
				CLANG_WARN_UNGUARDED_AVAILABILITY = YES_AGGRESSIVE;
				CLANG_WARN_UNREACHABLE_CODE = YES;
				CLANG_WARN__DUPLICATE_METHOD_MATCH = YES;
				COPY_PHASE_STRIP = NO;
				DEBUG_INFORMATION_FORMAT = "dwarf-with-dsym";
				ENABLE_NS_ASSERTIONS = NO;
				ENABLE_STRICT_OBJC_MSGSEND = YES;
				GCC_C_LANGUAGE_STANDARD = gnu11;
				GCC_NO_COMMON_BLOCKS = YES;
				GCC_WARN_64_TO_32_BIT_CONVERSION = YES;
				GCC_WARN_ABOUT_RETURN_TYPE = YES_ERROR;
				GCC_WARN_UNDECLARED_SELECTOR = YES;
				GCC_WARN_UNINITIALIZED_AUTOS = YES_AGGRESSIVE;
				GCC_WARN_UNUSED_FUNCTION = YES;
				GCC_WARN_UNUSED_VARIABLE = YES;
				IPHONEOS_DEPLOYMENT_TARGET = 15.0;
				MTL_ENABLE_DEBUG_INFO = NO;
				MTL_FAST_MATH = YES;
				SDKROOT = iphoneos;
				SWIFT_COMPILATION_MODE = wholemodule;
				SWIFT_OPTIMIZATION_LEVEL = "-O";
				VALIDATE_PRODUCT = YES;
			};
			name = Release;
		};
		FE34E5A72704B84A00D8ABED /* Debug */ = {
			isa = XCBuildConfiguration;
			buildSettings = {
				ASSETCATALOG_COMPILER_APPICON_NAME = AppIcon;
				ASSETCATALOG_COMPILER_GLOBAL_ACCENT_COLOR_NAME = AccentColor;
				CODE_SIGN_STYLE = Automatic;
				CURRENT_PROJECT_VERSION = 1;
				DEVELOPMENT_TEAM = NNJ9X2K872;
				GENERATE_INFOPLIST_FILE = YES;
				INFOPLIST_FILE = ssacflex2/Info.plist;
				INFOPLIST_KEY_UIApplicationSupportsIndirectInputEvents = YES;
				INFOPLIST_KEY_UILaunchStoryboardName = LaunchScreen;
				INFOPLIST_KEY_UIMainStoryboardFile = Main;
				INFOPLIST_KEY_UISupportedInterfaceOrientations_iPad = "UIInterfaceOrientationPortrait UIInterfaceOrientationPortraitUpsideDown UIInterfaceOrientationLandscapeLeft UIInterfaceOrientationLandscapeRight";
				INFOPLIST_KEY_UISupportedInterfaceOrientations_iPhone = "UIInterfaceOrientationPortrait UIInterfaceOrientationLandscapeLeft UIInterfaceOrientationLandscapeRight";
				IPHONEOS_DEPLOYMENT_TARGET = 13.0;
				LD_RUNPATH_SEARCH_PATHS = (
					"$(inherited)",
					"@executable_path/Frameworks",
				);
				MARKETING_VERSION = 1.0;
				PRODUCT_BUNDLE_IDENTIFIER = com.Hoo.ssacflex2;
				PRODUCT_NAME = "$(TARGET_NAME)";
				SWIFT_EMIT_LOC_STRINGS = YES;
				SWIFT_VERSION = 5.0;
				TARGETED_DEVICE_FAMILY = 1;
			};
			name = Debug;
		};
		FE34E5A82704B84A00D8ABED /* Release */ = {
			isa = XCBuildConfiguration;
			buildSettings = {
				ASSETCATALOG_COMPILER_APPICON_NAME = AppIcon;
				ASSETCATALOG_COMPILER_GLOBAL_ACCENT_COLOR_NAME = AccentColor;
				CODE_SIGN_STYLE = Automatic;
				CURRENT_PROJECT_VERSION = 1;
				DEVELOPMENT_TEAM = NNJ9X2K872;
				GENERATE_INFOPLIST_FILE = YES;
				INFOPLIST_FILE = ssacflex2/Info.plist;
				INFOPLIST_KEY_UIApplicationSupportsIndirectInputEvents = YES;
				INFOPLIST_KEY_UILaunchStoryboardName = LaunchScreen;
				INFOPLIST_KEY_UIMainStoryboardFile = Main;
				INFOPLIST_KEY_UISupportedInterfaceOrientations_iPad = "UIInterfaceOrientationPortrait UIInterfaceOrientationPortraitUpsideDown UIInterfaceOrientationLandscapeLeft UIInterfaceOrientationLandscapeRight";
				INFOPLIST_KEY_UISupportedInterfaceOrientations_iPhone = "UIInterfaceOrientationPortrait UIInterfaceOrientationLandscapeLeft UIInterfaceOrientationLandscapeRight";
				IPHONEOS_DEPLOYMENT_TARGET = 13.0;
				LD_RUNPATH_SEARCH_PATHS = (
					"$(inherited)",
					"@executable_path/Frameworks",
				);
				MARKETING_VERSION = 1.0;
				PRODUCT_BUNDLE_IDENTIFIER = com.Hoo.ssacflex2;
				PRODUCT_NAME = "$(TARGET_NAME)";
				SWIFT_EMIT_LOC_STRINGS = YES;
				SWIFT_VERSION = 5.0;
				TARGETED_DEVICE_FAMILY = 1;
			};
			name = Release;
		};
/* End XCBuildConfiguration section */

/* Begin XCConfigurationList section */
		FE34E58D2704B84800D8ABED /* Build configuration list for PBXProject "ssacflex2" */ = {
			isa = XCConfigurationList;
			buildConfigurations = (
				FE34E5A42704B84A00D8ABED /* Debug */,
				FE34E5A52704B84A00D8ABED /* Release */,
			);
			defaultConfigurationIsVisible = 0;
			defaultConfigurationName = Release;
		};
		FE34E5A62704B84A00D8ABED /* Build configuration list for PBXNativeTarget "ssacflex2" */ = {
			isa = XCConfigurationList;
			buildConfigurations = (
				FE34E5A72704B84A00D8ABED /* Debug */,
				FE34E5A82704B84A00D8ABED /* Release */,
			);
			defaultConfigurationIsVisible = 0;
			defaultConfigurationName = Release;
		};
/* End XCConfigurationList section */
	};
	rootObject = FE34E58A2704B84800D8ABED /* Project object */;
}
