// !$*UTF8*$!
{
	archiveVersion = 1;
	classes = {
	};
	objectVersion = 55;
	objects = {

/* Begin PBXBuildFile section */
		FE193197270D6CB700C36A16 /* AppDelegate.swift in Sources */ = {isa = PBXBuildFile; fileRef = FE193196270D6CB700C36A16 /* AppDelegate.swift */; };
		FE193199270D6CB700C36A16 /* SceneDelegate.swift in Sources */ = {isa = PBXBuildFile; fileRef = FE193198270D6CB700C36A16 /* SceneDelegate.swift */; };
		FE19319B270D6CB700C36A16 /* ViewController.swift in Sources */ = {isa = PBXBuildFile; fileRef = FE19319A270D6CB700C36A16 /* ViewController.swift */; };
		FE19319E270D6CB700C36A16 /* Main.storyboard in Resources */ = {isa = PBXBuildFile; fileRef = FE19319C270D6CB700C36A16 /* Main.storyboard */; };
		FE1931A0270D6CB800C36A16 /* Assets.xcassets in Resources */ = {isa = PBXBuildFile; fileRef = FE19319F270D6CB800C36A16 /* Assets.xcassets */; };
		FE1931A3270D6CB800C36A16 /* LaunchScreen.storyboard in Resources */ = {isa = PBXBuildFile; fileRef = FE1931A1270D6CB800C36A16 /* LaunchScreen.storyboard */; };
		FE1931AE270D7E9200C36A16 /* mainViewController.swift in Sources */ = {isa = PBXBuildFile; fileRef = FE1931AD270D7E9200C36A16 /* mainViewController.swift */; };
		FE1931F2270E940800C36A16 /* DDayViewController.swift in Sources */ = {isa = PBXBuildFile; fileRef = FE1931F1270E940800C36A16 /* DDayViewController.swift */; };
		FE33AF31270FCACE00017DE1 /* ExampleViewController.swift in Sources */ = {isa = PBXBuildFile; fileRef = FE33AF30270FCACE00017DE1 /* ExampleViewController.swift */; };
/* End PBXBuildFile section */

/* Begin PBXFileReference section */
		FE193193270D6CB700C36A16 /* EmotionDiarymine.app */ = {isa = PBXFileReference; explicitFileType = wrapper.application; includeInIndex = 0; path = EmotionDiarymine.app; sourceTree = BUILT_PRODUCTS_DIR; };
		FE193196270D6CB700C36A16 /* AppDelegate.swift */ = {isa = PBXFileReference; lastKnownFileType = sourcecode.swift; path = AppDelegate.swift; sourceTree = "<group>"; };
		FE193198270D6CB700C36A16 /* SceneDelegate.swift */ = {isa = PBXFileReference; lastKnownFileType = sourcecode.swift; path = SceneDelegate.swift; sourceTree = "<group>"; };
		FE19319A270D6CB700C36A16 /* ViewController.swift */ = {isa = PBXFileReference; lastKnownFileType = sourcecode.swift; path = ViewController.swift; sourceTree = "<group>"; };
		FE19319D270D6CB700C36A16 /* Base */ = {isa = PBXFileReference; lastKnownFileType = file.storyboard; name = Base; path = Base.lproj/Main.storyboard; sourceTree = "<group>"; };
		FE19319F270D6CB800C36A16 /* Assets.xcassets */ = {isa = PBXFileReference; lastKnownFileType = folder.assetcatalog; path = Assets.xcassets; sourceTree = "<group>"; };
		FE1931A2270D6CB800C36A16 /* Base */ = {isa = PBXFileReference; lastKnownFileType = file.storyboard; name = Base; path = Base.lproj/LaunchScreen.storyboard; sourceTree = "<group>"; };
		FE1931A4270D6CB800C36A16 /* Info.plist */ = {isa = PBXFileReference; lastKnownFileType = text.plist.xml; path = Info.plist; sourceTree = "<group>"; };
		FE1931AD270D7E9200C36A16 /* mainViewController.swift */ = {isa = PBXFileReference; lastKnownFileType = sourcecode.swift; path = mainViewController.swift; sourceTree = "<group>"; };
		FE1931F1270E940800C36A16 /* DDayViewController.swift */ = {isa = PBXFileReference; lastKnownFileType = sourcecode.swift; path = DDayViewController.swift; sourceTree = "<group>"; };
		FE33AF30270FCACE00017DE1 /* ExampleViewController.swift */ = {isa = PBXFileReference; lastKnownFileType = sourcecode.swift; path = ExampleViewController.swift; sourceTree = "<group>"; };
/* End PBXFileReference section */

/* Begin PBXFrameworksBuildPhase section */
		FE193190270D6CB700C36A16 /* Frameworks */ = {
			isa = PBXFrameworksBuildPhase;
			buildActionMask = 2147483647;
			files = (
			);
			runOnlyForDeploymentPostprocessing = 0;
		};
/* End PBXFrameworksBuildPhase section */

/* Begin PBXGroup section */
		FE19318A270D6CB700C36A16 = {
			isa = PBXGroup;
			children = (
				FE193195270D6CB700C36A16 /* EmotionDiarymine */,
				FE193194270D6CB700C36A16 /* Products */,
			);
			sourceTree = "<group>";
		};
		FE193194270D6CB700C36A16 /* Products */ = {
			isa = PBXGroup;
			children = (
				FE193193270D6CB700C36A16 /* EmotionDiarymine.app */,
			);
			name = Products;
			sourceTree = "<group>";
		};
		FE193195270D6CB700C36A16 /* EmotionDiarymine */ = {
			isa = PBXGroup;
			children = (
				FE193196270D6CB700C36A16 /* AppDelegate.swift */,
				FE193198270D6CB700C36A16 /* SceneDelegate.swift */,
				FE19319A270D6CB700C36A16 /* ViewController.swift */,
				FE19319C270D6CB700C36A16 /* Main.storyboard */,
				FE33AF30270FCACE00017DE1 /* ExampleViewController.swift */,
				FE1931F1270E940800C36A16 /* DDayViewController.swift */,
				FE1931AD270D7E9200C36A16 /* mainViewController.swift */,
				FE19319F270D6CB800C36A16 /* Assets.xcassets */,
				FE1931A1270D6CB800C36A16 /* LaunchScreen.storyboard */,
				FE1931A4270D6CB800C36A16 /* Info.plist */,
			);
			path = EmotionDiarymine;
			sourceTree = "<group>";
		};
/* End PBXGroup section */

/* Begin PBXNativeTarget section */
		FE193192270D6CB700C36A16 /* EmotionDiarymine */ = {
			isa = PBXNativeTarget;
			buildConfigurationList = FE1931A7270D6CB800C36A16 /* Build configuration list for PBXNativeTarget "EmotionDiarymine" */;
			buildPhases = (
				FE19318F270D6CB700C36A16 /* Sources */,
				FE193190270D6CB700C36A16 /* Frameworks */,
				FE193191270D6CB700C36A16 /* Resources */,
			);
			buildRules = (
			);
			dependencies = (
			);
			name = EmotionDiarymine;
			packageProductDependencies = (
			);
			productName = EmotionDiarymine;
			productReference = FE193193270D6CB700C36A16 /* EmotionDiarymine.app */;
			productType = "com.apple.product-type.application";
		};
/* End PBXNativeTarget section */

/* Begin PBXProject section */
		FE19318B270D6CB700C36A16 /* Project object */ = {
			isa = PBXProject;
			attributes = {
				BuildIndependentTargetsInParallel = 1;
				LastSwiftUpdateCheck = 1300;
				LastUpgradeCheck = 1300;
				TargetAttributes = {
					FE193192270D6CB700C36A16 = {
						CreatedOnToolsVersion = 13.0;
					};
				};
			};
			buildConfigurationList = FE19318E270D6CB700C36A16 /* Build configuration list for PBXProject "EmotionDiarymine" */;
			compatibilityVersion = "Xcode 13.0";
			developmentRegion = en;
			hasScannedForEncodings = 0;
			knownRegions = (
				en,
				Base,
			);
			mainGroup = FE19318A270D6CB700C36A16;
			packageReferences = (
			);
			productRefGroup = FE193194270D6CB700C36A16 /* Products */;
			projectDirPath = "";
			projectRoot = "";
			targets = (
				FE193192270D6CB700C36A16 /* EmotionDiarymine */,
			);
		};
/* End PBXProject section */

/* Begin PBXResourcesBuildPhase section */
		FE193191270D6CB700C36A16 /* Resources */ = {
			isa = PBXResourcesBuildPhase;
			buildActionMask = 2147483647;
			files = (
				FE1931A3270D6CB800C36A16 /* LaunchScreen.storyboard in Resources */,
				FE1931A0270D6CB800C36A16 /* Assets.xcassets in Resources */,
				FE19319E270D6CB700C36A16 /* Main.storyboard in Resources */,
			);
			runOnlyForDeploymentPostprocessing = 0;
		};
/* End PBXResourcesBuildPhase section */

/* Begin PBXSourcesBuildPhase section */
		FE19318F270D6CB700C36A16 /* Sources */ = {
			isa = PBXSourcesBuildPhase;
			buildActionMask = 2147483647;
			files = (
				FE1931F2270E940800C36A16 /* DDayViewController.swift in Sources */,
				FE19319B270D6CB700C36A16 /* ViewController.swift in Sources */,
				FE193197270D6CB700C36A16 /* AppDelegate.swift in Sources */,
				FE193199270D6CB700C36A16 /* SceneDelegate.swift in Sources */,
				FE1931AE270D7E9200C36A16 /* mainViewController.swift in Sources */,
				FE33AF31270FCACE00017DE1 /* ExampleViewController.swift in Sources */,
			);
			runOnlyForDeploymentPostprocessing = 0;
		};
/* End PBXSourcesBuildPhase section */

/* Begin PBXVariantGroup section */
		FE19319C270D6CB700C36A16 /* Main.storyboard */ = {
			isa = PBXVariantGroup;
			children = (
				FE19319D270D6CB700C36A16 /* Base */,
			);
			name = Main.storyboard;
			sourceTree = "<group>";
		};
		FE1931A1270D6CB800C36A16 /* LaunchScreen.storyboard */ = {
			isa = PBXVariantGroup;
			children = (
				FE1931A2270D6CB800C36A16 /* Base */,
			);
			name = LaunchScreen.storyboard;
			sourceTree = "<group>";
		};
/* End PBXVariantGroup section */

/* Begin XCBuildConfiguration section */
		FE1931A5270D6CB800C36A16 /* Debug */ = {
			isa = XCBuildConfiguration;
			buildSettings = {
				ALWAYS_SEARCH_USER_PATHS = NO;
				CLANG_ANALYZER_NONNULL = YES;
				CLANG_ANALYZER_NUMBER_OBJECT_CONVERSION = YES_AGGRESSIVE;
				CLANG_CXX_LANGUAGE_STANDARD = "gnu++17";
				CLANG_CXX_LIBRARY = "libc++";
				CLANG_ENABLE_MODULES = YES;
				CLANG_ENABLE_OBJC_ARC = YES;
				CLANG_ENABLE_OBJC_WEAK = YES;
				CLANG_WARN_BLOCK_CAPTURE_AUTORELEASING = YES;
				CLANG_WARN_BOOL_CONVERSION = YES;
				CLANG_WARN_COMMA = YES;
				CLANG_WARN_CONSTANT_CONVERSION = YES;
				CLANG_WARN_DEPRECATED_OBJC_IMPLEMENTATIONS = YES;
				CLANG_WARN_DIRECT_OBJC_ISA_USAGE = YES_ERROR;
				CLANG_WARN_DOCUMENTATION_COMMENTS = YES;
				CLANG_WARN_EMPTY_BODY = YES;
				CLANG_WARN_ENUM_CONVERSION = YES;
				CLANG_WARN_INFINITE_RECURSION = YES;
				CLANG_WARN_INT_CONVERSION = YES;
				CLANG_WARN_NON_LITERAL_NULL_CONVERSION = YES;
				CLANG_WARN_OBJC_IMPLICIT_RETAIN_SELF = YES;
				CLANG_WARN_OBJC_LITERAL_CONVERSION = YES;
				CLANG_WARN_OBJC_ROOT_CLASS = YES_ERROR;
				CLANG_WARN_QUOTED_INCLUDE_IN_FRAMEWORK_HEADER = YES;
				CLANG_WARN_RANGE_LOOP_ANALYSIS = YES;
				CLANG_WARN_STRICT_PROTOTYPES = YES;
				CLANG_WARN_SUSPICIOUS_MOVE = YES;
				CLANG_WARN_UNGUARDED_AVAILABILITY = YES_AGGRESSIVE;
				CLANG_WARN_UNREACHABLE_CODE = YES;
				CLANG_WARN__DUPLICATE_METHOD_MATCH = YES;
				COPY_PHASE_STRIP = NO;
				DEBUG_INFORMATION_FORMAT = dwarf;
				ENABLE_STRICT_OBJC_MSGSEND = YES;
				ENABLE_TESTABILITY = YES;
				GCC_C_LANGUAGE_STANDARD = gnu11;
				GCC_DYNAMIC_NO_PIC = NO;
				GCC_NO_COMMON_BLOCKS = YES;
				GCC_OPTIMIZATION_LEVEL = 0;
				GCC_PREPROCESSOR_DEFINITIONS = (
					"DEBUG=1",
					"$(inherited)",
				);
				GCC_WARN_64_TO_32_BIT_CONVERSION = YES;
				GCC_WARN_ABOUT_RETURN_TYPE = YES_ERROR;
				GCC_WARN_UNDECLARED_SELECTOR = YES;
				GCC_WARN_UNINITIALIZED_AUTOS = YES_AGGRESSIVE;
				GCC_WARN_UNUSED_FUNCTION = YES;
				GCC_WARN_UNUSED_VARIABLE = YES;
				IPHONEOS_DEPLOYMENT_TARGET = 15.0;
				MTL_ENABLE_DEBUG_INFO = INCLUDE_SOURCE;
				MTL_FAST_MATH = YES;
				ONLY_ACTIVE_ARCH = YES;
				SDKROOT = iphoneos;
				SWIFT_ACTIVE_COMPILATION_CONDITIONS = DEBUG;
				SWIFT_OPTIMIZATION_LEVEL = "-Onone";
			};
			name = Debug;
		};
		FE1931A6270D6CB800C36A16 /* Release */ = {
			isa = XCBuildConfiguration;
			buildSettings = {
				ALWAYS_SEARCH_USER_PATHS = NO;
				CLANG_ANALYZER_NONNULL = YES;
				CLANG_ANALYZER_NUMBER_OBJECT_CONVERSION = YES_AGGRESSIVE;
				CLANG_CXX_LANGUAGE_STANDARD = "gnu++17";
				CLANG_CXX_LIBRARY = "libc++";
				CLANG_ENABLE_MODULES = YES;
				CLANG_ENABLE_OBJC_ARC = YES;
				CLANG_ENABLE_OBJC_WEAK = YES;
				CLANG_WARN_BLOCK_CAPTURE_AUTORELEASING = YES;
				CLANG_WARN_BOOL_CONVERSION = YES;
				CLANG_WARN_COMMA = YES;
				CLANG_WARN_CONSTANT_CONVERSION = YES;
				CLANG_WARN_DEPRECATED_OBJC_IMPLEMENTATIONS = YES;
				CLANG_WARN_DIRECT_OBJC_ISA_USAGE = YES_ERROR;
				CLANG_WARN_DOCUMENTATION_COMMENTS = YES;
				CLANG_WARN_EMPTY_BODY = YES;
				CLANG_WARN_ENUM_CONVERSION = YES;
				CLANG_WARN_INFINITE_RECURSION = YES;
				CLANG_WARN_INT_CONVERSION = YES;
				CLANG_WARN_NON_LITERAL_NULL_CONVERSION = YES;
				CLANG_WARN_OBJC_IMPLICIT_RETAIN_SELF = YES;
				CLANG_WARN_OBJC_LITERAL_CONVERSION = YES;
				CLANG_WARN_OBJC_ROOT_CLASS = YES_ERROR;
				CLANG_WARN_QUOTED_INCLUDE_IN_FRAMEWORK_HEADER = YES;
				CLANG_WARN_RANGE_LOOP_ANALYSIS = YES;
				CLANG_WARN_STRICT_PROTOTYPES = YES;
				CLANG_WARN_SUSPICIOUS_MOVE = YES;
				CLANG_WARN_UNGUARDED_AVAILABILITY = YES_AGGRESSIVE;
				CLANG_WARN_UNREACHABLE_CODE = YES;
				CLANG_WARN__DUPLICATE_METHOD_MATCH = YES;
				COPY_PHASE_STRIP = NO;
				DEBUG_INFORMATION_FORMAT = "dwarf-with-dsym";
				ENABLE_NS_ASSERTIONS = NO;
				ENABLE_STRICT_OBJC_MSGSEND = YES;
				GCC_C_LANGUAGE_STANDARD = gnu11;
				GCC_NO_COMMON_BLOCKS = YES;
				GCC_WARN_64_TO_32_BIT_CONVERSION = YES;
				GCC_WARN_ABOUT_RETURN_TYPE = YES_ERROR;
				GCC_WARN_UNDECLARED_SELECTOR = YES;
				GCC_WARN_UNINITIALIZED_AUTOS = YES_AGGRESSIVE;
				GCC_WARN_UNUSED_FUNCTION = YES;
				GCC_WARN_UNUSED_VARIABLE = YES;
				IPHONEOS_DEPLOYMENT_TARGET = 15.0;
				MTL_ENABLE_DEBUG_INFO = NO;
				MTL_FAST_MATH = YES;
				SDKROOT = iphoneos;
				SWIFT_COMPILATION_MODE = wholemodule;
				SWIFT_OPTIMIZATION_LEVEL = "-O";
				VALIDATE_PRODUCT = YES;
			};
			name = Release;
		};
		FE1931A8270D6CB800C36A16 /* Debug */ = {
			isa = XCBuildConfiguration;
			buildSettings = {
				ASSETCATALOG_COMPILER_APPICON_NAME = AppIcon;
				ASSETCATALOG_COMPILER_GLOBAL_ACCENT_COLOR_NAME = AccentColor;
				CODE_SIGN_STYLE = Automatic;
				CURRENT_PROJECT_VERSION = 1;
				DEVELOPMENT_TEAM = NNJ9X2K872;
				GENERATE_INFOPLIST_FILE = YES;
				INFOPLIST_FILE = EmotionDiarymine/Info.plist;
				INFOPLIST_KEY_UIApplicationSupportsIndirectInputEvents = YES;
				INFOPLIST_KEY_UILaunchStoryboardName = LaunchScreen;
				INFOPLIST_KEY_UIMainStoryboardFile = Main;
				INFOPLIST_KEY_UISupportedInterfaceOrientations_iPad = "UIInterfaceOrientationPortrait UIInterfaceOrientationPortraitUpsideDown UIInterfaceOrientationLandscapeLeft UIInterfaceOrientationLandscapeRight";
				INFOPLIST_KEY_UISupportedInterfaceOrientations_iPhone = "UIInterfaceOrientationPortrait UIInterfaceOrientationLandscapeLeft UIInterfaceOrientationLandscapeRight";
				IPHONEOS_DEPLOYMENT_TARGET = 15.0;
				LD_RUNPATH_SEARCH_PATHS = (
					"$(inherited)",
					"@executable_path/Frameworks",
				);
				MARKETING_VERSION = 1.0;
				PRODUCT_BUNDLE_IDENTIFIER = com.Hoo.EmotionDiarymine;
				PRODUCT_NAME = "$(TARGET_NAME)";
				SWIFT_EMIT_LOC_STRINGS = YES;
				SWIFT_VERSION = 5.0;
				TARGETED_DEVICE_FAMILY = "1,2";
			};
			name = Debug;
		};
		FE1931A9270D6CB800C36A16 /* Release */ = {
			isa = XCBuildConfiguration;
			buildSettings = {
				ASSETCATALOG_COMPILER_APPICON_NAME = AppIcon;
				ASSETCATALOG_COMPILER_GLOBAL_ACCENT_COLOR_NAME = AccentColor;
				CODE_SIGN_STYLE = Automatic;
				CURRENT_PROJECT_VERSION = 1;
				DEVELOPMENT_TEAM = NNJ9X2K872;
				GENERATE_INFOPLIST_FILE = YES;
				INFOPLIST_FILE = EmotionDiarymine/Info.plist;
				INFOPLIST_KEY_UIApplicationSupportsIndirectInputEvents = YES;
				INFOPLIST_KEY_UILaunchStoryboardName = LaunchScreen;
				INFOPLIST_KEY_UIMainStoryboardFile = Main;
				INFOPLIST_KEY_UISupportedInterfaceOrientations_iPad = "UIInterfaceOrientationPortrait UIInterfaceOrientationPortraitUpsideDown UIInterfaceOrientationLandscapeLeft UIInterfaceOrientationLandscapeRight";
				INFOPLIST_KEY_UISupportedInterfaceOrientations_iPhone = "UIInterfaceOrientationPortrait UIInterfaceOrientationLandscapeLeft UIInterfaceOrientationLandscapeRight";
				IPHONEOS_DEPLOYMENT_TARGET = 15.0;
				LD_RUNPATH_SEARCH_PATHS = (
					"$(inherited)",
					"@executable_path/Frameworks",
				);
				MARKETING_VERSION = 1.0;
				PRODUCT_BUNDLE_IDENTIFIER = com.Hoo.EmotionDiarymine;
				PRODUCT_NAME = "$(TARGET_NAME)";
				SWIFT_EMIT_LOC_STRINGS = YES;
				SWIFT_VERSION = 5.0;
				TARGETED_DEVICE_FAMILY = "1,2";
			};
			name = Release;
		};
/* End XCBuildConfiguration section */

/* Begin XCConfigurationList section */
		FE19318E270D6CB700C36A16 /* Build configuration list for PBXProject "EmotionDiarymine" */ = {
			isa = XCConfigurationList;
			buildConfigurations = (
				FE1931A5270D6CB800C36A16 /* Debug */,
				FE1931A6270D6CB800C36A16 /* Release */,
			);
			defaultConfigurationIsVisible = 0;
			defaultConfigurationName = Release;
		};
		FE1931A7270D6CB800C36A16 /* Build configuration list for PBXNativeTarget "EmotionDiarymine" */ = {
			isa = XCConfigurationList;
			buildConfigurations = (
				FE1931A8270D6CB800C36A16 /* Debug */,
				FE1931A9270D6CB800C36A16 /* Release */,
			);
			defaultConfigurationIsVisible = 0;
			defaultConfigurationName = Release;
		};
/* End XCConfigurationList section */
	};
	rootObject = FE19318B270D6CB700C36A16 /* Project object */;
}
