// !$*UTF8*$!
{
	archiveVersion = 1;
	classes = {
	};
	objectVersion = 55;
	objects = {

/* Begin PBXBuildFile section */
		FE2B690727150A9400A6C76D /* AppDelegate.swift in Sources */ = {isa = PBXBuildFile; fileRef = FE2B690627150A9400A6C76D /* AppDelegate.swift */; };
		FE2B690927150A9400A6C76D /* SceneDelegate.swift in Sources */ = {isa = PBXBuildFile; fileRef = FE2B690827150A9400A6C76D /* SceneDelegate.swift */; };
		FE2B690E27150A9400A6C76D /* Main.storyboard in Resources */ = {isa = PBXBuildFile; fileRef = FE2B690C27150A9400A6C76D /* Main.storyboard */; };
		FE2B691027150A9600A6C76D /* Assets.xcassets in Resources */ = {isa = PBXBuildFile; fileRef = FE2B690F27150A9600A6C76D /* Assets.xcassets */; };
		FE2B691327150A9600A6C76D /* LaunchScreen.storyboard in Resources */ = {isa = PBXBuildFile; fileRef = FE2B691127150A9600A6C76D /* LaunchScreen.storyboard */; };
		FE2B691B271516B700A6C76D /* MemoTableViewController.swift in Sources */ = {isa = PBXBuildFile; fileRef = FE2B691A271516B700A6C76D /* MemoTableViewController.swift */; };
		FE2B691D271561CD00A6C76D /* SettingTableViewController.swift in Sources */ = {isa = PBXBuildFile; fileRef = FE2B691C271561CD00A6C76D /* SettingTableViewController.swift */; };
		FE2B691F2715BF1500A6C76D /* ViewController.swift in Sources */ = {isa = PBXBuildFile; fileRef = FE2B691E2715BF1500A6C76D /* ViewController.swift */; };
		FE67CD182717ADAA006F6371 /* Movie.swift in Sources */ = {isa = PBXBuildFile; fileRef = FE67CD172717ADAA006F6371 /* Movie.swift */; };
		FE67CD1A2717AEEF006F6371 /* MovieInformation.swift in Sources */ = {isa = PBXBuildFile; fileRef = FE67CD192717AEEF006F6371 /* MovieInformation.swift */; };
		FE67CD1C2717B599006F6371 /* Memo.swift in Sources */ = {isa = PBXBuildFile; fileRef = FE67CD1B2717B599006F6371 /* Memo.swift */; };
		FE67CD1E2717D2DE006F6371 /* UIViewController+Extension.swift in Sources */ = {isa = PBXBuildFile; fileRef = FE67CD1D2717D2DE006F6371 /* UIViewController+Extension.swift */; };
		FE67CD22271884C6006F6371 /* MemomeTableViewCell.swift in Sources */ = {isa = PBXBuildFile; fileRef = FE67CD21271884C6006F6371 /* MemomeTableViewCell.swift */; };
		FE67CD2A27190EFD006F6371 /* Movie.storyboard in Resources */ = {isa = PBXBuildFile; fileRef = FE67CD2927190EFD006F6371 /* Movie.storyboard */; };
		FE67CD2C27191041006F6371 /* MovieDetailViewController.swift in Sources */ = {isa = PBXBuildFile; fileRef = FE67CD2B27191041006F6371 /* MovieDetailViewController.swift */; };
		FE67CD2E271918C6006F6371 /* MovieCastViewController.swift in Sources */ = {isa = PBXBuildFile; fileRef = FE67CD2D271918C6006F6371 /* MovieCastViewController.swift */; };
		FEBE442227165DCD00F43E33 /* MovieTableViewController.swift in Sources */ = {isa = PBXBuildFile; fileRef = FEBE442127165DCD00F43E33 /* MovieTableViewController.swift */; };
		FEBE442427165EA800F43E33 /* MovieTableViewCell.swift in Sources */ = {isa = PBXBuildFile; fileRef = FEBE442327165EA800F43E33 /* MovieTableViewCell.swift */; };
		FEDC3F2B2719B2EB00BA627D /* TestViewController.swift in Sources */ = {isa = PBXBuildFile; fileRef = FEDC3F2A2719B2EB00BA627D /* TestViewController.swift */; };
/* End PBXBuildFile section */

/* Begin PBXFileReference section */
		FE2B690327150A9400A6C76D /* SeSac_03week.app */ = {isa = PBXFileReference; explicitFileType = wrapper.application; includeInIndex = 0; path = SeSac_03week.app; sourceTree = BUILT_PRODUCTS_DIR; };
		FE2B690627150A9400A6C76D /* AppDelegate.swift */ = {isa = PBXFileReference; lastKnownFileType = sourcecode.swift; path = AppDelegate.swift; sourceTree = "<group>"; };
		FE2B690827150A9400A6C76D /* SceneDelegate.swift */ = {isa = PBXFileReference; lastKnownFileType = sourcecode.swift; path = SceneDelegate.swift; sourceTree = "<group>"; };
		FE2B690D27150A9400A6C76D /* Base */ = {isa = PBXFileReference; lastKnownFileType = file.storyboard; name = Base; path = Base.lproj/Main.storyboard; sourceTree = "<group>"; };
		FE2B690F27150A9600A6C76D /* Assets.xcassets */ = {isa = PBXFileReference; lastKnownFileType = folder.assetcatalog; path = Assets.xcassets; sourceTree = "<group>"; };
		FE2B691227150A9600A6C76D /* Base */ = {isa = PBXFileReference; lastKnownFileType = file.storyboard; name = Base; path = Base.lproj/LaunchScreen.storyboard; sourceTree = "<group>"; };
		FE2B691427150A9600A6C76D /* Info.plist */ = {isa = PBXFileReference; lastKnownFileType = text.plist.xml; path = Info.plist; sourceTree = "<group>"; };
		FE2B691A271516B700A6C76D /* MemoTableViewController.swift */ = {isa = PBXFileReference; lastKnownFileType = sourcecode.swift; path = MemoTableViewController.swift; sourceTree = "<group>"; };
		FE2B691C271561CD00A6C76D /* SettingTableViewController.swift */ = {isa = PBXFileReference; lastKnownFileType = sourcecode.swift; path = SettingTableViewController.swift; sourceTree = "<group>"; };
		FE2B691E2715BF1500A6C76D /* ViewController.swift */ = {isa = PBXFileReference; lastKnownFileType = sourcecode.swift; path = ViewController.swift; sourceTree = "<group>"; };
		FE67CD172717ADAA006F6371 /* Movie.swift */ = {isa = PBXFileReference; lastKnownFileType = sourcecode.swift; path = Movie.swift; sourceTree = "<group>"; };
		FE67CD192717AEEF006F6371 /* MovieInformation.swift */ = {isa = PBXFileReference; lastKnownFileType = sourcecode.swift; path = MovieInformation.swift; sourceTree = "<group>"; };
		FE67CD1B2717B599006F6371 /* Memo.swift */ = {isa = PBXFileReference; lastKnownFileType = sourcecode.swift; path = Memo.swift; sourceTree = "<group>"; };
		FE67CD1D2717D2DE006F6371 /* UIViewController+Extension.swift */ = {isa = PBXFileReference; lastKnownFileType = sourcecode.swift; path = "UIViewController+Extension.swift"; sourceTree = "<group>"; };
		FE67CD21271884C6006F6371 /* MemomeTableViewCell.swift */ = {isa = PBXFileReference; lastKnownFileType = sourcecode.swift; path = MemomeTableViewCell.swift; sourceTree = "<group>"; };
		FE67CD2927190EFD006F6371 /* Movie.storyboard */ = {isa = PBXFileReference; lastKnownFileType = file.storyboard; path = Movie.storyboard; sourceTree = "<group>"; };
		FE67CD2B27191041006F6371 /* MovieDetailViewController.swift */ = {isa = PBXFileReference; lastKnownFileType = sourcecode.swift; path = MovieDetailViewController.swift; sourceTree = "<group>"; };
		FE67CD2D271918C6006F6371 /* MovieCastViewController.swift */ = {isa = PBXFileReference; lastKnownFileType = sourcecode.swift; path = MovieCastViewController.swift; sourceTree = "<group>"; };
		FEBE442127165DCD00F43E33 /* MovieTableViewController.swift */ = {isa = PBXFileReference; lastKnownFileType = sourcecode.swift; path = MovieTableViewController.swift; sourceTree = "<group>"; };
		FEBE442327165EA800F43E33 /* MovieTableViewCell.swift */ = {isa = PBXFileReference; lastKnownFileType = sourcecode.swift; path = MovieTableViewCell.swift; sourceTree = "<group>"; };
		FEDC3F2A2719B2EB00BA627D /* TestViewController.swift */ = {isa = PBXFileReference; lastKnownFileType = sourcecode.swift; path = TestViewController.swift; sourceTree = "<group>"; };
/* End PBXFileReference section */

/* Begin PBXFrameworksBuildPhase section */
		FE2B690027150A9400A6C76D /* Frameworks */ = {
			isa = PBXFrameworksBuildPhase;
			buildActionMask = 2147483647;
			files = (
			);
			runOnlyForDeploymentPostprocessing = 0;
		};
/* End PBXFrameworksBuildPhase section */

/* Begin PBXGroup section */
		FE2B68FA27150A9400A6C76D = {
			isa = PBXGroup;
			children = (
				FE2B690527150A9400A6C76D /* SeSac_03week */,
				FE2B690427150A9400A6C76D /* Products */,
			);
			sourceTree = "<group>";
		};
		FE2B690427150A9400A6C76D /* Products */ = {
			isa = PBXGroup;
			children = (
				FE2B690327150A9400A6C76D /* SeSac_03week.app */,
			);
			name = Products;
			sourceTree = "<group>";
		};
		FE2B690527150A9400A6C76D /* SeSac_03week */ = {
			isa = PBXGroup;
			children = (
				FE67CD1D2717D2DE006F6371 /* UIViewController+Extension.swift */,
				FE2B690627150A9400A6C76D /* AppDelegate.swift */,
				FE2B690827150A9400A6C76D /* SceneDelegate.swift */,
				FE2B691E2715BF1500A6C76D /* ViewController.swift */,
				FE2B690C27150A9400A6C76D /* Main.storyboard */,
				FE67CD2927190EFD006F6371 /* Movie.storyboard */,
				FEDC3F2A2719B2EB00BA627D /* TestViewController.swift */,
				FE67CD2D271918C6006F6371 /* MovieCastViewController.swift */,
				FE67CD2B27191041006F6371 /* MovieDetailViewController.swift */,
				FE67CD1B2717B599006F6371 /* Memo.swift */,
				FEBE442327165EA800F43E33 /* MovieTableViewCell.swift */,
				FEBE442127165DCD00F43E33 /* MovieTableViewController.swift */,
				FE67CD192717AEEF006F6371 /* MovieInformation.swift */,
				FE2B691C271561CD00A6C76D /* SettingTableViewController.swift */,
				FE2B691A271516B700A6C76D /* MemoTableViewController.swift */,
				FE67CD21271884C6006F6371 /* MemomeTableViewCell.swift */,
				FE2B690F27150A9600A6C76D /* Assets.xcassets */,
				FE2B691127150A9600A6C76D /* LaunchScreen.storyboard */,
				FE2B691427150A9600A6C76D /* Info.plist */,
				FE67CD172717ADAA006F6371 /* Movie.swift */,
			);
			path = SeSac_03week;
			sourceTree = "<group>";
		};
/* End PBXGroup section */

/* Begin PBXNativeTarget section */
		FE2B690227150A9400A6C76D /* SeSac_03week */ = {
			isa = PBXNativeTarget;
			buildConfigurationList = FE2B691727150A9600A6C76D /* Build configuration list for PBXNativeTarget "SeSac_03week" */;
			buildPhases = (
				FE2B68FF27150A9400A6C76D /* Sources */,
				FE2B690027150A9400A6C76D /* Frameworks */,
				FE2B690127150A9400A6C76D /* Resources */,
			);
			buildRules = (
			);
			dependencies = (
			);
			name = SeSac_03week;
			productName = SeSac_03week;
			productReference = FE2B690327150A9400A6C76D /* SeSac_03week.app */;
			productType = "com.apple.product-type.application";
		};
/* End PBXNativeTarget section */

/* Begin PBXProject section */
		FE2B68FB27150A9400A6C76D /* Project object */ = {
			isa = PBXProject;
			attributes = {
				BuildIndependentTargetsInParallel = 1;
				LastSwiftUpdateCheck = 1300;
				LastUpgradeCheck = 1300;
				TargetAttributes = {
					FE2B690227150A9400A6C76D = {
						CreatedOnToolsVersion = 13.0;
					};
				};
			};
			buildConfigurationList = FE2B68FE27150A9400A6C76D /* Build configuration list for PBXProject "SeSac_03week" */;
			compatibilityVersion = "Xcode 13.0";
			developmentRegion = en;
			hasScannedForEncodings = 0;
			knownRegions = (
				en,
				Base,
			);
			mainGroup = FE2B68FA27150A9400A6C76D;
			productRefGroup = FE2B690427150A9400A6C76D /* Products */;
			projectDirPath = "";
			projectRoot = "";
			targets = (
				FE2B690227150A9400A6C76D /* SeSac_03week */,
			);
		};
/* End PBXProject section */

/* Begin PBXResourcesBuildPhase section */
		FE2B690127150A9400A6C76D /* Resources */ = {
			isa = PBXResourcesBuildPhase;
			buildActionMask = 2147483647;
			files = (
				FE2B691327150A9600A6C76D /* LaunchScreen.storyboard in Resources */,
				FE2B691027150A9600A6C76D /* Assets.xcassets in Resources */,
				FE2B690E27150A9400A6C76D /* Main.storyboard in Resources */,
				FE67CD2A27190EFD006F6371 /* Movie.storyboard in Resources */,
			);
			runOnlyForDeploymentPostprocessing = 0;
		};
/* End PBXResourcesBuildPhase section */

/* Begin PBXSourcesBuildPhase section */
		FE2B68FF27150A9400A6C76D /* Sources */ = {
			isa = PBXSourcesBuildPhase;
			buildActionMask = 2147483647;
			files = (
				FE2B691F2715BF1500A6C76D /* ViewController.swift in Sources */,
				FE67CD1E2717D2DE006F6371 /* UIViewController+Extension.swift in Sources */,
				FE67CD1A2717AEEF006F6371 /* MovieInformation.swift in Sources */,
				FE67CD22271884C6006F6371 /* MemomeTableViewCell.swift in Sources */,
				FE67CD2C27191041006F6371 /* MovieDetailViewController.swift in Sources */,
				FE2B691B271516B700A6C76D /* MemoTableViewController.swift in Sources */,
				FEBE442427165EA800F43E33 /* MovieTableViewCell.swift in Sources */,
				FEBE442227165DCD00F43E33 /* MovieTableViewController.swift in Sources */,
				FE67CD2E271918C6006F6371 /* MovieCastViewController.swift in Sources */,
				FE2B690727150A9400A6C76D /* AppDelegate.swift in Sources */,
				FEDC3F2B2719B2EB00BA627D /* TestViewController.swift in Sources */,
				FE2B690927150A9400A6C76D /* SceneDelegate.swift in Sources */,
				FE67CD182717ADAA006F6371 /* Movie.swift in Sources */,
				FE2B691D271561CD00A6C76D /* SettingTableViewController.swift in Sources */,
				FE67CD1C2717B599006F6371 /* Memo.swift in Sources */,
			);
			runOnlyForDeploymentPostprocessing = 0;
		};
/* End PBXSourcesBuildPhase section */

/* Begin PBXVariantGroup section */
		FE2B690C27150A9400A6C76D /* Main.storyboard */ = {
			isa = PBXVariantGroup;
			children = (
				FE2B690D27150A9400A6C76D /* Base */,
			);
			name = Main.storyboard;
			sourceTree = "<group>";
		};
		FE2B691127150A9600A6C76D /* LaunchScreen.storyboard */ = {
			isa = PBXVariantGroup;
			children = (
				FE2B691227150A9600A6C76D /* Base */,
			);
			name = LaunchScreen.storyboard;
			sourceTree = "<group>";
		};
/* End PBXVariantGroup section */

/* Begin XCBuildConfiguration section */
		FE2B691527150A9600A6C76D /* Debug */ = {
			isa = XCBuildConfiguration;
			buildSettings = {
				ALWAYS_SEARCH_USER_PATHS = NO;
				CLANG_ANALYZER_NONNULL = YES;
				CLANG_ANALYZER_NUMBER_OBJECT_CONVERSION = YES_AGGRESSIVE;
				CLANG_CXX_LANGUAGE_STANDARD = "gnu++17";
				CLANG_CXX_LIBRARY = "libc++";
				CLANG_ENABLE_MODULES = YES;
				CLANG_ENABLE_OBJC_ARC = YES;
				CLANG_ENABLE_OBJC_WEAK = YES;
				CLANG_WARN_BLOCK_CAPTURE_AUTORELEASING = YES;
				CLANG_WARN_BOOL_CONVERSION = YES;
				CLANG_WARN_COMMA = YES;
				CLANG_WARN_CONSTANT_CONVERSION = YES;
				CLANG_WARN_DEPRECATED_OBJC_IMPLEMENTATIONS = YES;
				CLANG_WARN_DIRECT_OBJC_ISA_USAGE = YES_ERROR;
				CLANG_WARN_DOCUMENTATION_COMMENTS = YES;
				CLANG_WARN_EMPTY_BODY = YES;
				CLANG_WARN_ENUM_CONVERSION = YES;
				CLANG_WARN_INFINITE_RECURSION = YES;
				CLANG_WARN_INT_CONVERSION = YES;
				CLANG_WARN_NON_LITERAL_NULL_CONVERSION = YES;
				CLANG_WARN_OBJC_IMPLICIT_RETAIN_SELF = YES;
				CLANG_WARN_OBJC_LITERAL_CONVERSION = YES;
				CLANG_WARN_OBJC_ROOT_CLASS = YES_ERROR;
				CLANG_WARN_QUOTED_INCLUDE_IN_FRAMEWORK_HEADER = YES;
				CLANG_WARN_RANGE_LOOP_ANALYSIS = YES;
				CLANG_WARN_STRICT_PROTOTYPES = YES;
				CLANG_WARN_SUSPICIOUS_MOVE = YES;
				CLANG_WARN_UNGUARDED_AVAILABILITY = YES_AGGRESSIVE;
				CLANG_WARN_UNREACHABLE_CODE = YES;
				CLANG_WARN__DUPLICATE_METHOD_MATCH = YES;
				COPY_PHASE_STRIP = NO;
				DEBUG_INFORMATION_FORMAT = dwarf;
				ENABLE_STRICT_OBJC_MSGSEND = YES;
				ENABLE_TESTABILITY = YES;
				GCC_C_LANGUAGE_STANDARD = gnu11;
				GCC_DYNAMIC_NO_PIC = NO;
				GCC_NO_COMMON_BLOCKS = YES;
				GCC_OPTIMIZATION_LEVEL = 0;
				GCC_PREPROCESSOR_DEFINITIONS = (
					"DEBUG=1",
					"$(inherited)",
				);
				GCC_WARN_64_TO_32_BIT_CONVERSION = YES;
				GCC_WARN_ABOUT_RETURN_TYPE = YES_ERROR;
				GCC_WARN_UNDECLARED_SELECTOR = YES;
				GCC_WARN_UNINITIALIZED_AUTOS = YES_AGGRESSIVE;
				GCC_WARN_UNUSED_FUNCTION = YES;
				GCC_WARN_UNUSED_VARIABLE = YES;
				IPHONEOS_DEPLOYMENT_TARGET = 15.0;
				MTL_ENABLE_DEBUG_INFO = INCLUDE_SOURCE;
				MTL_FAST_MATH = YES;
				ONLY_ACTIVE_ARCH = YES;
				SDKROOT = iphoneos;
				SWIFT_ACTIVE_COMPILATION_CONDITIONS = DEBUG;
				SWIFT_OPTIMIZATION_LEVEL = "-Onone";
			};
			name = Debug;
		};
		FE2B691627150A9600A6C76D /* Release */ = {
			isa = XCBuildConfiguration;
			buildSettings = {
				ALWAYS_SEARCH_USER_PATHS = NO;
				CLANG_ANALYZER_NONNULL = YES;
				CLANG_ANALYZER_NUMBER_OBJECT_CONVERSION = YES_AGGRESSIVE;
				CLANG_CXX_LANGUAGE_STANDARD = "gnu++17";
				CLANG_CXX_LIBRARY = "libc++";
				CLANG_ENABLE_MODULES = YES;
				CLANG_ENABLE_OBJC_ARC = YES;
				CLANG_ENABLE_OBJC_WEAK = YES;
				CLANG_WARN_BLOCK_CAPTURE_AUTORELEASING = YES;
				CLANG_WARN_BOOL_CONVERSION = YES;
				CLANG_WARN_COMMA = YES;
				CLANG_WARN_CONSTANT_CONVERSION = YES;
				CLANG_WARN_DEPRECATED_OBJC_IMPLEMENTATIONS = YES;
				CLANG_WARN_DIRECT_OBJC_ISA_USAGE = YES_ERROR;
				CLANG_WARN_DOCUMENTATION_COMMENTS = YES;
				CLANG_WARN_EMPTY_BODY = YES;
				CLANG_WARN_ENUM_CONVERSION = YES;
				CLANG_WARN_INFINITE_RECURSION = YES;
				CLANG_WARN_INT_CONVERSION = YES;
				CLANG_WARN_NON_LITERAL_NULL_CONVERSION = YES;
				CLANG_WARN_OBJC_IMPLICIT_RETAIN_SELF = YES;
				CLANG_WARN_OBJC_LITERAL_CONVERSION = YES;
				CLANG_WARN_OBJC_ROOT_CLASS = YES_ERROR;
				CLANG_WARN_QUOTED_INCLUDE_IN_FRAMEWORK_HEADER = YES;
				CLANG_WARN_RANGE_LOOP_ANALYSIS = YES;
				CLANG_WARN_STRICT_PROTOTYPES = YES;
				CLANG_WARN_SUSPICIOUS_MOVE = YES;
				CLANG_WARN_UNGUARDED_AVAILABILITY = YES_AGGRESSIVE;
				CLANG_WARN_UNREACHABLE_CODE = YES;
				CLANG_WARN__DUPLICATE_METHOD_MATCH = YES;
				COPY_PHASE_STRIP = NO;
				DEBUG_INFORMATION_FORMAT = "dwarf-with-dsym";
				ENABLE_NS_ASSERTIONS = NO;
				ENABLE_STRICT_OBJC_MSGSEND = YES;
				GCC_C_LANGUAGE_STANDARD = gnu11;
				GCC_NO_COMMON_BLOCKS = YES;
				GCC_WARN_64_TO_32_BIT_CONVERSION = YES;
				GCC_WARN_ABOUT_RETURN_TYPE = YES_ERROR;
				GCC_WARN_UNDECLARED_SELECTOR = YES;
				GCC_WARN_UNINITIALIZED_AUTOS = YES_AGGRESSIVE;
				GCC_WARN_UNUSED_FUNCTION = YES;
				GCC_WARN_UNUSED_VARIABLE = YES;
				IPHONEOS_DEPLOYMENT_TARGET = 15.0;
				MTL_ENABLE_DEBUG_INFO = NO;
				MTL_FAST_MATH = YES;
				SDKROOT = iphoneos;
				SWIFT_COMPILATION_MODE = wholemodule;
				SWIFT_OPTIMIZATION_LEVEL = "-O";
				VALIDATE_PRODUCT = YES;
			};
			name = Release;
		};
		FE2B691827150A9600A6C76D /* Debug */ = {
			isa = XCBuildConfiguration;
			buildSettings = {
				ASSETCATALOG_COMPILER_APPICON_NAME = AppIcon;
				ASSETCATALOG_COMPILER_GLOBAL_ACCENT_COLOR_NAME = AccentColor;
				CODE_SIGN_STYLE = Automatic;
				CURRENT_PROJECT_VERSION = 1;
				DEVELOPMENT_TEAM = NNJ9X2K872;
				GENERATE_INFOPLIST_FILE = YES;
				INFOPLIST_FILE = SeSac_03week/Info.plist;
				INFOPLIST_KEY_UIApplicationSupportsIndirectInputEvents = YES;
				INFOPLIST_KEY_UILaunchStoryboardName = LaunchScreen;
				INFOPLIST_KEY_UIMainStoryboardFile = Main;
				INFOPLIST_KEY_UISupportedInterfaceOrientations_iPad = "UIInterfaceOrientationPortrait UIInterfaceOrientationPortraitUpsideDown UIInterfaceOrientationLandscapeLeft UIInterfaceOrientationLandscapeRight";
				INFOPLIST_KEY_UISupportedInterfaceOrientations_iPhone = "UIInterfaceOrientationPortrait UIInterfaceOrientationLandscapeLeft UIInterfaceOrientationLandscapeRight";
				LD_RUNPATH_SEARCH_PATHS = (
					"$(inherited)",
					"@executable_path/Frameworks",
				);
				MARKETING_VERSION = 1.0;
				PRODUCT_BUNDLE_IDENTIFIER = "com.Hoo.SeSac-03week";
				PRODUCT_NAME = "$(TARGET_NAME)";
				SWIFT_EMIT_LOC_STRINGS = YES;
				SWIFT_VERSION = 5.0;
				TARGETED_DEVICE_FAMILY = 1;
			};
			name = Debug;
		};
		FE2B691927150A9600A6C76D /* Release */ = {
			isa = XCBuildConfiguration;
			buildSettings = {
				ASSETCATALOG_COMPILER_APPICON_NAME = AppIcon;
				ASSETCATALOG_COMPILER_GLOBAL_ACCENT_COLOR_NAME = AccentColor;
				CODE_SIGN_STYLE = Automatic;
				CURRENT_PROJECT_VERSION = 1;
				DEVELOPMENT_TEAM = NNJ9X2K872;
				GENERATE_INFOPLIST_FILE = YES;
				INFOPLIST_FILE = SeSac_03week/Info.plist;
				INFOPLIST_KEY_UIApplicationSupportsIndirectInputEvents = YES;
				INFOPLIST_KEY_UILaunchStoryboardName = LaunchScreen;
				INFOPLIST_KEY_UIMainStoryboardFile = Main;
				INFOPLIST_KEY_UISupportedInterfaceOrientations_iPad = "UIInterfaceOrientationPortrait UIInterfaceOrientationPortraitUpsideDown UIInterfaceOrientationLandscapeLeft UIInterfaceOrientationLandscapeRight";
				INFOPLIST_KEY_UISupportedInterfaceOrientations_iPhone = "UIInterfaceOrientationPortrait UIInterfaceOrientationLandscapeLeft UIInterfaceOrientationLandscapeRight";
				LD_RUNPATH_SEARCH_PATHS = (
					"$(inherited)",
					"@executable_path/Frameworks",
				);
				MARKETING_VERSION = 1.0;
				PRODUCT_BUNDLE_IDENTIFIER = "com.Hoo.SeSac-03week";
				PRODUCT_NAME = "$(TARGET_NAME)";
				SWIFT_EMIT_LOC_STRINGS = YES;
				SWIFT_VERSION = 5.0;
				TARGETED_DEVICE_FAMILY = 1;
			};
			name = Release;
		};
/* End XCBuildConfiguration section */

/* Begin XCConfigurationList section */
		FE2B68FE27150A9400A6C76D /* Build configuration list for PBXProject "SeSac_03week" */ = {
			isa = XCConfigurationList;
			buildConfigurations = (
				FE2B691527150A9600A6C76D /* Debug */,
				FE2B691627150A9600A6C76D /* Release */,
			);
			defaultConfigurationIsVisible = 0;
			defaultConfigurationName = Release;
		};
		FE2B691727150A9600A6C76D /* Build configuration list for PBXNativeTarget "SeSac_03week" */ = {
			isa = XCConfigurationList;
			buildConfigurations = (
				FE2B691827150A9600A6C76D /* Debug */,
				FE2B691927150A9600A6C76D /* Release */,
			);
			defaultConfigurationIsVisible = 0;
			defaultConfigurationName = Release;
		};
/* End XCConfigurationList section */
	};
	rootObject = FE2B68FB27150A9400A6C76D /* Project object */;
}
