// !$*UTF8*$!
{
	archiveVersion = 1;
	classes = {
	};
	objectVersion = 55;
	objects = {

/* Begin PBXBuildFile section */
		FE22DE6B27A2705100368B13 /* AppDelegate.swift in Sources */ = {isa = PBXBuildFile; fileRef = FE22DE6A27A2705100368B13 /* AppDelegate.swift */; };
		FE22DE6D27A2705100368B13 /* SceneDelegate.swift in Sources */ = {isa = PBXBuildFile; fileRef = FE22DE6C27A2705100368B13 /* SceneDelegate.swift */; };
		FE22DE6F27A2705100368B13 /* ViewController.swift in Sources */ = {isa = PBXBuildFile; fileRef = FE22DE6E27A2705100368B13 /* ViewController.swift */; };
		FE22DE7427A2705200368B13 /* Assets.xcassets in Resources */ = {isa = PBXBuildFile; fileRef = FE22DE7327A2705200368B13 /* Assets.xcassets */; };
		FE22DE7727A2705200368B13 /* LaunchScreen.storyboard in Resources */ = {isa = PBXBuildFile; fileRef = FE22DE7527A2705200368B13 /* LaunchScreen.storyboard */; };
		FE22DE7F27A2708300368B13 /* firstVC.swift in Sources */ = {isa = PBXBuildFile; fileRef = FE22DE7E27A2708300368B13 /* firstVC.swift */; };
		FE22DE8127A2708900368B13 /* secondVC.swift in Sources */ = {isa = PBXBuildFile; fileRef = FE22DE8027A2708900368B13 /* secondVC.swift */; };
		FE22DE8327A2709000368B13 /* thirdVC.swift in Sources */ = {isa = PBXBuildFile; fileRef = FE22DE8227A2709000368B13 /* thirdVC.swift */; };
		FE22DE8627A270B600368B13 /* SnapKit in Frameworks */ = {isa = PBXBuildFile; productRef = FE22DE8527A270B600368B13 /* SnapKit */; };
		FE22DE8827A2750900368B13 /* fourVc.swift in Sources */ = {isa = PBXBuildFile; fileRef = FE22DE8727A2750900368B13 /* fourVc.swift */; };
/* End PBXBuildFile section */

/* Begin PBXFileReference section */
		FE22DE6727A2705100368B13 /* TabbarExample.app */ = {isa = PBXFileReference; explicitFileType = wrapper.application; includeInIndex = 0; path = TabbarExample.app; sourceTree = BUILT_PRODUCTS_DIR; };
		FE22DE6A27A2705100368B13 /* AppDelegate.swift */ = {isa = PBXFileReference; lastKnownFileType = sourcecode.swift; path = AppDelegate.swift; sourceTree = "<group>"; };
		FE22DE6C27A2705100368B13 /* SceneDelegate.swift */ = {isa = PBXFileReference; lastKnownFileType = sourcecode.swift; path = SceneDelegate.swift; sourceTree = "<group>"; };
		FE22DE6E27A2705100368B13 /* ViewController.swift */ = {isa = PBXFileReference; lastKnownFileType = sourcecode.swift; path = ViewController.swift; sourceTree = "<group>"; };
		FE22DE7327A2705200368B13 /* Assets.xcassets */ = {isa = PBXFileReference; lastKnownFileType = folder.assetcatalog; path = Assets.xcassets; sourceTree = "<group>"; };
		FE22DE7627A2705200368B13 /* Base */ = {isa = PBXFileReference; lastKnownFileType = file.storyboard; name = Base; path = Base.lproj/LaunchScreen.storyboard; sourceTree = "<group>"; };
		FE22DE7827A2705200368B13 /* Info.plist */ = {isa = PBXFileReference; lastKnownFileType = text.plist.xml; path = Info.plist; sourceTree = "<group>"; };
		FE22DE7E27A2708300368B13 /* firstVC.swift */ = {isa = PBXFileReference; lastKnownFileType = sourcecode.swift; path = firstVC.swift; sourceTree = "<group>"; };
		FE22DE8027A2708900368B13 /* secondVC.swift */ = {isa = PBXFileReference; lastKnownFileType = sourcecode.swift; path = secondVC.swift; sourceTree = "<group>"; };
		FE22DE8227A2709000368B13 /* thirdVC.swift */ = {isa = PBXFileReference; lastKnownFileType = sourcecode.swift; path = thirdVC.swift; sourceTree = "<group>"; };
		FE22DE8727A2750900368B13 /* fourVc.swift */ = {isa = PBXFileReference; lastKnownFileType = sourcecode.swift; path = fourVc.swift; sourceTree = "<group>"; };
/* End PBXFileReference section */

/* Begin PBXFrameworksBuildPhase section */
		FE22DE6427A2705100368B13 /* Frameworks */ = {
			isa = PBXFrameworksBuildPhase;
			buildActionMask = 2147483647;
			files = (
				FE22DE8627A270B600368B13 /* SnapKit in Frameworks */,
			);
			runOnlyForDeploymentPostprocessing = 0;
		};
/* End PBXFrameworksBuildPhase section */

/* Begin PBXGroup section */
		FE22DE5E27A2705100368B13 = {
			isa = PBXGroup;
			children = (
				FE22DE6927A2705100368B13 /* TabbarExample */,
				FE22DE6827A2705100368B13 /* Products */,
			);
			sourceTree = "<group>";
		};
		FE22DE6827A2705100368B13 /* Products */ = {
			isa = PBXGroup;
			children = (
				FE22DE6727A2705100368B13 /* TabbarExample.app */,
			);
			name = Products;
			sourceTree = "<group>";
		};
		FE22DE6927A2705100368B13 /* TabbarExample */ = {
			isa = PBXGroup;
			children = (
				FE22DE6A27A2705100368B13 /* AppDelegate.swift */,
				FE22DE6C27A2705100368B13 /* SceneDelegate.swift */,
				FE22DE6E27A2705100368B13 /* ViewController.swift */,
				FE22DE7E27A2708300368B13 /* firstVC.swift */,
				FE22DE8027A2708900368B13 /* secondVC.swift */,
				FE22DE8227A2709000368B13 /* thirdVC.swift */,
				FE22DE8727A2750900368B13 /* fourVc.swift */,
				FE22DE7327A2705200368B13 /* Assets.xcassets */,
				FE22DE7527A2705200368B13 /* LaunchScreen.storyboard */,
				FE22DE7827A2705200368B13 /* Info.plist */,
			);
			path = TabbarExample;
			sourceTree = "<group>";
		};
/* End PBXGroup section */

/* Begin PBXNativeTarget section */
		FE22DE6627A2705100368B13 /* TabbarExample */ = {
			isa = PBXNativeTarget;
			buildConfigurationList = FE22DE7B27A2705200368B13 /* Build configuration list for PBXNativeTarget "TabbarExample" */;
			buildPhases = (
				FE22DE6327A2705100368B13 /* Sources */,
				FE22DE6427A2705100368B13 /* Frameworks */,
				FE22DE6527A2705100368B13 /* Resources */,
			);
			buildRules = (
			);
			dependencies = (
			);
			name = TabbarExample;
			packageProductDependencies = (
				FE22DE8527A270B600368B13 /* SnapKit */,
			);
			productName = TabbarExample;
			productReference = FE22DE6727A2705100368B13 /* TabbarExample.app */;
			productType = "com.apple.product-type.application";
		};
/* End PBXNativeTarget section */

/* Begin PBXProject section */
		FE22DE5F27A2705100368B13 /* Project object */ = {
			isa = PBXProject;
			attributes = {
				BuildIndependentTargetsInParallel = 1;
				LastSwiftUpdateCheck = 1310;
				LastUpgradeCheck = 1310;
				TargetAttributes = {
					FE22DE6627A2705100368B13 = {
						CreatedOnToolsVersion = 13.1;
					};
				};
			};
			buildConfigurationList = FE22DE6227A2705100368B13 /* Build configuration list for PBXProject "TabbarExample" */;
			compatibilityVersion = "Xcode 13.0";
			developmentRegion = en;
			hasScannedForEncodings = 0;
			knownRegions = (
				en,
				Base,
			);
			mainGroup = FE22DE5E27A2705100368B13;
			packageReferences = (
				FE22DE8427A270B600368B13 /* XCRemoteSwiftPackageReference "SnapKit" */,
			);
			productRefGroup = FE22DE6827A2705100368B13 /* Products */;
			projectDirPath = "";
			projectRoot = "";
			targets = (
				FE22DE6627A2705100368B13 /* TabbarExample */,
			);
		};
/* End PBXProject section */

/* Begin PBXResourcesBuildPhase section */
		FE22DE6527A2705100368B13 /* Resources */ = {
			isa = PBXResourcesBuildPhase;
			buildActionMask = 2147483647;
			files = (
				FE22DE7727A2705200368B13 /* LaunchScreen.storyboard in Resources */,
				FE22DE7427A2705200368B13 /* Assets.xcassets in Resources */,
			);
			runOnlyForDeploymentPostprocessing = 0;
		};
/* End PBXResourcesBuildPhase section */

/* Begin PBXSourcesBuildPhase section */
		FE22DE6327A2705100368B13 /* Sources */ = {
			isa = PBXSourcesBuildPhase;
			buildActionMask = 2147483647;
			files = (
				FE22DE6F27A2705100368B13 /* ViewController.swift in Sources */,
				FE22DE8127A2708900368B13 /* secondVC.swift in Sources */,
				FE22DE7F27A2708300368B13 /* firstVC.swift in Sources */,
				FE22DE8827A2750900368B13 /* fourVc.swift in Sources */,
				FE22DE6B27A2705100368B13 /* AppDelegate.swift in Sources */,
				FE22DE6D27A2705100368B13 /* SceneDelegate.swift in Sources */,
				FE22DE8327A2709000368B13 /* thirdVC.swift in Sources */,
			);
			runOnlyForDeploymentPostprocessing = 0;
		};
/* End PBXSourcesBuildPhase section */

/* Begin PBXVariantGroup section */
		FE22DE7527A2705200368B13 /* LaunchScreen.storyboard */ = {
			isa = PBXVariantGroup;
			children = (
				FE22DE7627A2705200368B13 /* Base */,
			);
			name = LaunchScreen.storyboard;
			sourceTree = "<group>";
		};
/* End PBXVariantGroup section */

/* Begin XCBuildConfiguration section */
		FE22DE7927A2705200368B13 /* Debug */ = {
			isa = XCBuildConfiguration;
			buildSettings = {
				ALWAYS_SEARCH_USER_PATHS = NO;
				CLANG_ANALYZER_NONNULL = YES;
				CLANG_ANALYZER_NUMBER_OBJECT_CONVERSION = YES_AGGRESSIVE;
				CLANG_CXX_LANGUAGE_STANDARD = "gnu++17";
				CLANG_CXX_LIBRARY = "libc++";
				CLANG_ENABLE_MODULES = YES;
				CLANG_ENABLE_OBJC_ARC = YES;
				CLANG_ENABLE_OBJC_WEAK = YES;
				CLANG_WARN_BLOCK_CAPTURE_AUTORELEASING = YES;
				CLANG_WARN_BOOL_CONVERSION = YES;
				CLANG_WARN_COMMA = YES;
				CLANG_WARN_CONSTANT_CONVERSION = YES;
				CLANG_WARN_DEPRECATED_OBJC_IMPLEMENTATIONS = YES;
				CLANG_WARN_DIRECT_OBJC_ISA_USAGE = YES_ERROR;
				CLANG_WARN_DOCUMENTATION_COMMENTS = YES;
				CLANG_WARN_EMPTY_BODY = YES;
				CLANG_WARN_ENUM_CONVERSION = YES;
				CLANG_WARN_INFINITE_RECURSION = YES;
				CLANG_WARN_INT_CONVERSION = YES;
				CLANG_WARN_NON_LITERAL_NULL_CONVERSION = YES;
				CLANG_WARN_OBJC_IMPLICIT_RETAIN_SELF = YES;
				CLANG_WARN_OBJC_LITERAL_CONVERSION = YES;
				CLANG_WARN_OBJC_ROOT_CLASS = YES_ERROR;
				CLANG_WARN_QUOTED_INCLUDE_IN_FRAMEWORK_HEADER = YES;
				CLANG_WARN_RANGE_LOOP_ANALYSIS = YES;
				CLANG_WARN_STRICT_PROTOTYPES = YES;
				CLANG_WARN_SUSPICIOUS_MOVE = YES;
				CLANG_WARN_UNGUARDED_AVAILABILITY = YES_AGGRESSIVE;
				CLANG_WARN_UNREACHABLE_CODE = YES;
				CLANG_WARN__DUPLICATE_METHOD_MATCH = YES;
				COPY_PHASE_STRIP = NO;
				DEBUG_INFORMATION_FORMAT = dwarf;
				ENABLE_STRICT_OBJC_MSGSEND = YES;
				ENABLE_TESTABILITY = YES;
				GCC_C_LANGUAGE_STANDARD = gnu11;
				GCC_DYNAMIC_NO_PIC = NO;
				GCC_NO_COMMON_BLOCKS = YES;
				GCC_OPTIMIZATION_LEVEL = 0;
				GCC_PREPROCESSOR_DEFINITIONS = (
					"DEBUG=1",
					"$(inherited)",
				);
				GCC_WARN_64_TO_32_BIT_CONVERSION = YES;
				GCC_WARN_ABOUT_RETURN_TYPE = YES_ERROR;
				GCC_WARN_UNDECLARED_SELECTOR = YES;
				GCC_WARN_UNINITIALIZED_AUTOS = YES_AGGRESSIVE;
				GCC_WARN_UNUSED_FUNCTION = YES;
				GCC_WARN_UNUSED_VARIABLE = YES;
				IPHONEOS_DEPLOYMENT_TARGET = 15.0;
				MTL_ENABLE_DEBUG_INFO = INCLUDE_SOURCE;
				MTL_FAST_MATH = YES;
				ONLY_ACTIVE_ARCH = YES;
				SDKROOT = iphoneos;
				SWIFT_ACTIVE_COMPILATION_CONDITIONS = DEBUG;
				SWIFT_OPTIMIZATION_LEVEL = "-Onone";
			};
			name = Debug;
		};
		FE22DE7A27A2705200368B13 /* Release */ = {
			isa = XCBuildConfiguration;
			buildSettings = {
				ALWAYS_SEARCH_USER_PATHS = NO;
				CLANG_ANALYZER_NONNULL = YES;
				CLANG_ANALYZER_NUMBER_OBJECT_CONVERSION = YES_AGGRESSIVE;
				CLANG_CXX_LANGUAGE_STANDARD = "gnu++17";
				CLANG_CXX_LIBRARY = "libc++";
				CLANG_ENABLE_MODULES = YES;
				CLANG_ENABLE_OBJC_ARC = YES;
				CLANG_ENABLE_OBJC_WEAK = YES;
				CLANG_WARN_BLOCK_CAPTURE_AUTORELEASING = YES;
				CLANG_WARN_BOOL_CONVERSION = YES;
				CLANG_WARN_COMMA = YES;
				CLANG_WARN_CONSTANT_CONVERSION = YES;
				CLANG_WARN_DEPRECATED_OBJC_IMPLEMENTATIONS = YES;
				CLANG_WARN_DIRECT_OBJC_ISA_USAGE = YES_ERROR;
				CLANG_WARN_DOCUMENTATION_COMMENTS = YES;
				CLANG_WARN_EMPTY_BODY = YES;
				CLANG_WARN_ENUM_CONVERSION = YES;
				CLANG_WARN_INFINITE_RECURSION = YES;
				CLANG_WARN_INT_CONVERSION = YES;
				CLANG_WARN_NON_LITERAL_NULL_CONVERSION = YES;
				CLANG_WARN_OBJC_IMPLICIT_RETAIN_SELF = YES;
				CLANG_WARN_OBJC_LITERAL_CONVERSION = YES;
				CLANG_WARN_OBJC_ROOT_CLASS = YES_ERROR;
				CLANG_WARN_QUOTED_INCLUDE_IN_FRAMEWORK_HEADER = YES;
				CLANG_WARN_RANGE_LOOP_ANALYSIS = YES;
				CLANG_WARN_STRICT_PROTOTYPES = YES;
				CLANG_WARN_SUSPICIOUS_MOVE = YES;
				CLANG_WARN_UNGUARDED_AVAILABILITY = YES_AGGRESSIVE;
				CLANG_WARN_UNREACHABLE_CODE = YES;
				CLANG_WARN__DUPLICATE_METHOD_MATCH = YES;
				COPY_PHASE_STRIP = NO;
				DEBUG_INFORMATION_FORMAT = "dwarf-with-dsym";
				ENABLE_NS_ASSERTIONS = NO;
				ENABLE_STRICT_OBJC_MSGSEND = YES;
				GCC_C_LANGUAGE_STANDARD = gnu11;
				GCC_NO_COMMON_BLOCKS = YES;
				GCC_WARN_64_TO_32_BIT_CONVERSION = YES;
				GCC_WARN_ABOUT_RETURN_TYPE = YES_ERROR;
				GCC_WARN_UNDECLARED_SELECTOR = YES;
				GCC_WARN_UNINITIALIZED_AUTOS = YES_AGGRESSIVE;
				GCC_WARN_UNUSED_FUNCTION = YES;
				GCC_WARN_UNUSED_VARIABLE = YES;
				IPHONEOS_DEPLOYMENT_TARGET = 15.0;
				MTL_ENABLE_DEBUG_INFO = NO;
				MTL_FAST_MATH = YES;
				SDKROOT = iphoneos;
				SWIFT_COMPILATION_MODE = wholemodule;
				SWIFT_OPTIMIZATION_LEVEL = "-O";
				VALIDATE_PRODUCT = YES;
			};
			name = Release;
		};
		FE22DE7C27A2705200368B13 /* Debug */ = {
			isa = XCBuildConfiguration;
			buildSettings = {
				ASSETCATALOG_COMPILER_APPICON_NAME = AppIcon;
				ASSETCATALOG_COMPILER_GLOBAL_ACCENT_COLOR_NAME = AccentColor;
				CODE_SIGN_STYLE = Automatic;
				CURRENT_PROJECT_VERSION = 1;
				GENERATE_INFOPLIST_FILE = YES;
				INFOPLIST_FILE = TabbarExample/Info.plist;
				INFOPLIST_KEY_UIApplicationSupportsIndirectInputEvents = YES;
				INFOPLIST_KEY_UILaunchStoryboardName = LaunchScreen;
				INFOPLIST_KEY_UISupportedInterfaceOrientations_iPad = "UIInterfaceOrientationPortrait UIInterfaceOrientationPortraitUpsideDown UIInterfaceOrientationLandscapeLeft UIInterfaceOrientationLandscapeRight";
				INFOPLIST_KEY_UISupportedInterfaceOrientations_iPhone = "UIInterfaceOrientationPortrait UIInterfaceOrientationLandscapeLeft UIInterfaceOrientationLandscapeRight";
				LD_RUNPATH_SEARCH_PATHS = (
					"$(inherited)",
					"@executable_path/Frameworks",
				);
				MARKETING_VERSION = 1.0;
				PRODUCT_BUNDLE_IDENTIFIER = com.Hoo.TabbarExample;
				PRODUCT_NAME = "$(TARGET_NAME)";
				SWIFT_EMIT_LOC_STRINGS = YES;
				SWIFT_VERSION = 5.0;
				TARGETED_DEVICE_FAMILY = "1,2";
			};
			name = Debug;
		};
		FE22DE7D27A2705200368B13 /* Release */ = {
			isa = XCBuildConfiguration;
			buildSettings = {
				ASSETCATALOG_COMPILER_APPICON_NAME = AppIcon;
				ASSETCATALOG_COMPILER_GLOBAL_ACCENT_COLOR_NAME = AccentColor;
				CODE_SIGN_STYLE = Automatic;
				CURRENT_PROJECT_VERSION = 1;
				GENERATE_INFOPLIST_FILE = YES;
				INFOPLIST_FILE = TabbarExample/Info.plist;
				INFOPLIST_KEY_UIApplicationSupportsIndirectInputEvents = YES;
				INFOPLIST_KEY_UILaunchStoryboardName = LaunchScreen;
				INFOPLIST_KEY_UISupportedInterfaceOrientations_iPad = "UIInterfaceOrientationPortrait UIInterfaceOrientationPortraitUpsideDown UIInterfaceOrientationLandscapeLeft UIInterfaceOrientationLandscapeRight";
				INFOPLIST_KEY_UISupportedInterfaceOrientations_iPhone = "UIInterfaceOrientationPortrait UIInterfaceOrientationLandscapeLeft UIInterfaceOrientationLandscapeRight";
				LD_RUNPATH_SEARCH_PATHS = (
					"$(inherited)",
					"@executable_path/Frameworks",
				);
				MARKETING_VERSION = 1.0;
				PRODUCT_BUNDLE_IDENTIFIER = com.Hoo.TabbarExample;
				PRODUCT_NAME = "$(TARGET_NAME)";
				SWIFT_EMIT_LOC_STRINGS = YES;
				SWIFT_VERSION = 5.0;
				TARGETED_DEVICE_FAMILY = "1,2";
			};
			name = Release;
		};
/* End XCBuildConfiguration section */

/* Begin XCConfigurationList section */
		FE22DE6227A2705100368B13 /* Build configuration list for PBXProject "TabbarExample" */ = {
			isa = XCConfigurationList;
			buildConfigurations = (
				FE22DE7927A2705200368B13 /* Debug */,
				FE22DE7A27A2705200368B13 /* Release */,
			);
			defaultConfigurationIsVisible = 0;
			defaultConfigurationName = Release;
		};
		FE22DE7B27A2705200368B13 /* Build configuration list for PBXNativeTarget "TabbarExample" */ = {
			isa = XCConfigurationList;
			buildConfigurations = (
				FE22DE7C27A2705200368B13 /* Debug */,
				FE22DE7D27A2705200368B13 /* Release */,
			);
			defaultConfigurationIsVisible = 0;
			defaultConfigurationName = Release;
		};
/* End XCConfigurationList section */

/* Begin XCRemoteSwiftPackageReference section */
		FE22DE8427A270B600368B13 /* XCRemoteSwiftPackageReference "SnapKit" */ = {
			isa = XCRemoteSwiftPackageReference;
			repositoryURL = "https://github.com/SnapKit/SnapKit.git";
			requirement = {
				kind = upToNextMajorVersion;
				minimumVersion = 5.0.0;
			};
		};
/* End XCRemoteSwiftPackageReference section */

/* Begin XCSwiftPackageProductDependency section */
		FE22DE8527A270B600368B13 /* SnapKit */ = {
			isa = XCSwiftPackageProductDependency;
			package = FE22DE8427A270B600368B13 /* XCRemoteSwiftPackageReference "SnapKit" */;
			productName = SnapKit;
		};
/* End XCSwiftPackageProductDependency section */
	};
	rootObject = FE22DE5F27A2705100368B13 /* Project object */;
}
