// !$*UTF8*$!
{
	archiveVersion = 1;
	classes = {
	};
	objectVersion = 55;
	objects = {

/* Begin PBXBuildFile section */
		FE9F394D277227BD000F244E /* TVShows.swift in Sources */ = {isa = PBXBuildFile; fileRef = FE9F394C277227BD000F244E /* TVShows.swift */; };
		FE9F394F277242B5000F244E /* SearchCollecrtionView.swift in Sources */ = {isa = PBXBuildFile; fileRef = FE9F394E277242B5000F244E /* SearchCollecrtionView.swift */; };
		FE9F3951277242DD000F244E /* SearchCollectionViewCell.swift in Sources */ = {isa = PBXBuildFile; fileRef = FE9F3950277242DD000F244E /* SearchCollectionViewCell.swift */; };
		FE9F39532772455A000F244E /* UICollectionViewCellExtension.swift in Sources */ = {isa = PBXBuildFile; fileRef = FE9F39522772455A000F244E /* UICollectionViewCellExtension.swift */; };
		FEA4070C27720C4100E92B05 /* AppDelegate.swift in Sources */ = {isa = PBXBuildFile; fileRef = FEA4070B27720C4100E92B05 /* AppDelegate.swift */; };
		FEA4070E27720C4100E92B05 /* SceneDelegate.swift in Sources */ = {isa = PBXBuildFile; fileRef = FEA4070D27720C4100E92B05 /* SceneDelegate.swift */; };
		FEA4071027720C4100E92B05 /* ViewController.swift in Sources */ = {isa = PBXBuildFile; fileRef = FEA4070F27720C4100E92B05 /* ViewController.swift */; };
		FEA4071527720C4200E92B05 /* Assets.xcassets in Resources */ = {isa = PBXBuildFile; fileRef = FEA4071427720C4200E92B05 /* Assets.xcassets */; };
		FEA4071827720C4200E92B05 /* LaunchScreen.storyboard in Resources */ = {isa = PBXBuildFile; fileRef = FEA4071627720C4200E92B05 /* LaunchScreen.storyboard */; };
		FEA4072127720CA000E92B05 /* SnapKit in Frameworks */ = {isa = PBXBuildFile; productRef = FEA4072027720CA000E92B05 /* SnapKit */; };
		FEA4072327721D2200E92B05 /* APIService.swift in Sources */ = {isa = PBXBuildFile; fileRef = FEA4072227721D2200E92B05 /* APIService.swift */; };
		FEA4072727721D6100E92B05 /* APIHelper.swift in Sources */ = {isa = PBXBuildFile; fileRef = FEA4072627721D6100E92B05 /* APIHelper.swift */; };
/* End PBXBuildFile section */

/* Begin PBXFileReference section */
		FE9F394C277227BD000F244E /* TVShows.swift */ = {isa = PBXFileReference; lastKnownFileType = sourcecode.swift; path = TVShows.swift; sourceTree = "<group>"; };
		FE9F394E277242B5000F244E /* SearchCollecrtionView.swift */ = {isa = PBXFileReference; lastKnownFileType = sourcecode.swift; path = SearchCollecrtionView.swift; sourceTree = "<group>"; };
		FE9F3950277242DD000F244E /* SearchCollectionViewCell.swift */ = {isa = PBXFileReference; lastKnownFileType = sourcecode.swift; path = SearchCollectionViewCell.swift; sourceTree = "<group>"; };
		FE9F39522772455A000F244E /* UICollectionViewCellExtension.swift */ = {isa = PBXFileReference; lastKnownFileType = sourcecode.swift; path = UICollectionViewCellExtension.swift; sourceTree = "<group>"; };
		FEA4070827720C4100E92B05 /* TMDBtask.app */ = {isa = PBXFileReference; explicitFileType = wrapper.application; includeInIndex = 0; path = TMDBtask.app; sourceTree = BUILT_PRODUCTS_DIR; };
		FEA4070B27720C4100E92B05 /* AppDelegate.swift */ = {isa = PBXFileReference; lastKnownFileType = sourcecode.swift; path = AppDelegate.swift; sourceTree = "<group>"; };
		FEA4070D27720C4100E92B05 /* SceneDelegate.swift */ = {isa = PBXFileReference; lastKnownFileType = sourcecode.swift; path = SceneDelegate.swift; sourceTree = "<group>"; };
		FEA4070F27720C4100E92B05 /* ViewController.swift */ = {isa = PBXFileReference; lastKnownFileType = sourcecode.swift; path = ViewController.swift; sourceTree = "<group>"; };
		FEA4071427720C4200E92B05 /* Assets.xcassets */ = {isa = PBXFileReference; lastKnownFileType = folder.assetcatalog; path = Assets.xcassets; sourceTree = "<group>"; };
		FEA4071727720C4200E92B05 /* Base */ = {isa = PBXFileReference; lastKnownFileType = file.storyboard; name = Base; path = Base.lproj/LaunchScreen.storyboard; sourceTree = "<group>"; };
		FEA4071927720C4200E92B05 /* Info.plist */ = {isa = PBXFileReference; lastKnownFileType = text.plist.xml; path = Info.plist; sourceTree = "<group>"; };
		FEA4072227721D2200E92B05 /* APIService.swift */ = {isa = PBXFileReference; lastKnownFileType = sourcecode.swift; path = APIService.swift; sourceTree = "<group>"; };
		FEA4072627721D6100E92B05 /* APIHelper.swift */ = {isa = PBXFileReference; lastKnownFileType = sourcecode.swift; path = APIHelper.swift; sourceTree = "<group>"; };
/* End PBXFileReference section */

/* Begin PBXFrameworksBuildPhase section */
		FEA4070527720C4100E92B05 /* Frameworks */ = {
			isa = PBXFrameworksBuildPhase;
			buildActionMask = 2147483647;
			files = (
				FEA4072127720CA000E92B05 /* SnapKit in Frameworks */,
			);
			runOnlyForDeploymentPostprocessing = 0;
		};
/* End PBXFrameworksBuildPhase section */

/* Begin PBXGroup section */
		FEA406FF27720C4100E92B05 = {
			isa = PBXGroup;
			children = (
				FEA4070A27720C4100E92B05 /* TMDBtask */,
				FEA4070927720C4100E92B05 /* Products */,
			);
			sourceTree = "<group>";
		};
		FEA4070927720C4100E92B05 /* Products */ = {
			isa = PBXGroup;
			children = (
				FEA4070827720C4100E92B05 /* TMDBtask.app */,
			);
			name = Products;
			sourceTree = "<group>";
		};
		FEA4070A27720C4100E92B05 /* TMDBtask */ = {
			isa = PBXGroup;
			children = (
				FEA4070B27720C4100E92B05 /* AppDelegate.swift */,
				FEA4070D27720C4100E92B05 /* SceneDelegate.swift */,
				FEA4070F27720C4100E92B05 /* ViewController.swift */,
				FE9F394E277242B5000F244E /* SearchCollecrtionView.swift */,
				FE9F3950277242DD000F244E /* SearchCollectionViewCell.swift */,
				FE9F39522772455A000F244E /* UICollectionViewCellExtension.swift */,
				FEA4072227721D2200E92B05 /* APIService.swift */,
				FE9F394C277227BD000F244E /* TVShows.swift */,
				FEA4072627721D6100E92B05 /* APIHelper.swift */,
				FEA4071427720C4200E92B05 /* Assets.xcassets */,
				FEA4071627720C4200E92B05 /* LaunchScreen.storyboard */,
				FEA4071927720C4200E92B05 /* Info.plist */,
			);
			path = TMDBtask;
			sourceTree = "<group>";
		};
/* End PBXGroup section */

/* Begin PBXNativeTarget section */
		FEA4070727720C4100E92B05 /* TMDBtask */ = {
			isa = PBXNativeTarget;
			buildConfigurationList = FEA4071C27720C4200E92B05 /* Build configuration list for PBXNativeTarget "TMDBtask" */;
			buildPhases = (
				FEA4070427720C4100E92B05 /* Sources */,
				FEA4070527720C4100E92B05 /* Frameworks */,
				FEA4070627720C4100E92B05 /* Resources */,
			);
			buildRules = (
			);
			dependencies = (
			);
			name = TMDBtask;
			packageProductDependencies = (
				FEA4072027720CA000E92B05 /* SnapKit */,
			);
			productName = TMDBtask;
			productReference = FEA4070827720C4100E92B05 /* TMDBtask.app */;
			productType = "com.apple.product-type.application";
		};
/* End PBXNativeTarget section */

/* Begin PBXProject section */
		FEA4070027720C4100E92B05 /* Project object */ = {
			isa = PBXProject;
			attributes = {
				BuildIndependentTargetsInParallel = 1;
				LastSwiftUpdateCheck = 1310;
				LastUpgradeCheck = 1310;
				TargetAttributes = {
					FEA4070727720C4100E92B05 = {
						CreatedOnToolsVersion = 13.1;
					};
				};
			};
			buildConfigurationList = FEA4070327720C4100E92B05 /* Build configuration list for PBXProject "TMDBtask" */;
			compatibilityVersion = "Xcode 13.0";
			developmentRegion = en;
			hasScannedForEncodings = 0;
			knownRegions = (
				en,
				Base,
			);
			mainGroup = FEA406FF27720C4100E92B05;
			packageReferences = (
				FEA4071F27720CA000E92B05 /* XCRemoteSwiftPackageReference "SnapKit" */,
			);
			productRefGroup = FEA4070927720C4100E92B05 /* Products */;
			projectDirPath = "";
			projectRoot = "";
			targets = (
				FEA4070727720C4100E92B05 /* TMDBtask */,
			);
		};
/* End PBXProject section */

/* Begin PBXResourcesBuildPhase section */
		FEA4070627720C4100E92B05 /* Resources */ = {
			isa = PBXResourcesBuildPhase;
			buildActionMask = 2147483647;
			files = (
				FEA4071827720C4200E92B05 /* LaunchScreen.storyboard in Resources */,
				FEA4071527720C4200E92B05 /* Assets.xcassets in Resources */,
			);
			runOnlyForDeploymentPostprocessing = 0;
		};
/* End PBXResourcesBuildPhase section */

/* Begin PBXSourcesBuildPhase section */
		FEA4070427720C4100E92B05 /* Sources */ = {
			isa = PBXSourcesBuildPhase;
			buildActionMask = 2147483647;
			files = (
				FEA4071027720C4100E92B05 /* ViewController.swift in Sources */,
				FEA4070C27720C4100E92B05 /* AppDelegate.swift in Sources */,
				FE9F394F277242B5000F244E /* SearchCollecrtionView.swift in Sources */,
				FEA4072327721D2200E92B05 /* APIService.swift in Sources */,
				FEA4072727721D6100E92B05 /* APIHelper.swift in Sources */,
				FE9F39532772455A000F244E /* UICollectionViewCellExtension.swift in Sources */,
				FE9F394D277227BD000F244E /* TVShows.swift in Sources */,
				FE9F3951277242DD000F244E /* SearchCollectionViewCell.swift in Sources */,
				FEA4070E27720C4100E92B05 /* SceneDelegate.swift in Sources */,
			);
			runOnlyForDeploymentPostprocessing = 0;
		};
/* End PBXSourcesBuildPhase section */

/* Begin PBXVariantGroup section */
		FEA4071627720C4200E92B05 /* LaunchScreen.storyboard */ = {
			isa = PBXVariantGroup;
			children = (
				FEA4071727720C4200E92B05 /* Base */,
			);
			name = LaunchScreen.storyboard;
			sourceTree = "<group>";
		};
/* End PBXVariantGroup section */

/* Begin XCBuildConfiguration section */
		FEA4071A27720C4200E92B05 /* Debug */ = {
			isa = XCBuildConfiguration;
			buildSettings = {
				ALWAYS_SEARCH_USER_PATHS = NO;
				CLANG_ANALYZER_NONNULL = YES;
				CLANG_ANALYZER_NUMBER_OBJECT_CONVERSION = YES_AGGRESSIVE;
				CLANG_CXX_LANGUAGE_STANDARD = "gnu++17";
				CLANG_CXX_LIBRARY = "libc++";
				CLANG_ENABLE_MODULES = YES;
				CLANG_ENABLE_OBJC_ARC = YES;
				CLANG_ENABLE_OBJC_WEAK = YES;
				CLANG_WARN_BLOCK_CAPTURE_AUTORELEASING = YES;
				CLANG_WARN_BOOL_CONVERSION = YES;
				CLANG_WARN_COMMA = YES;
				CLANG_WARN_CONSTANT_CONVERSION = YES;
				CLANG_WARN_DEPRECATED_OBJC_IMPLEMENTATIONS = YES;
				CLANG_WARN_DIRECT_OBJC_ISA_USAGE = YES_ERROR;
				CLANG_WARN_DOCUMENTATION_COMMENTS = YES;
				CLANG_WARN_EMPTY_BODY = YES;
				CLANG_WARN_ENUM_CONVERSION = YES;
				CLANG_WARN_INFINITE_RECURSION = YES;
				CLANG_WARN_INT_CONVERSION = YES;
				CLANG_WARN_NON_LITERAL_NULL_CONVERSION = YES;
				CLANG_WARN_OBJC_IMPLICIT_RETAIN_SELF = YES;
				CLANG_WARN_OBJC_LITERAL_CONVERSION = YES;
				CLANG_WARN_OBJC_ROOT_CLASS = YES_ERROR;
				CLANG_WARN_QUOTED_INCLUDE_IN_FRAMEWORK_HEADER = YES;
				CLANG_WARN_RANGE_LOOP_ANALYSIS = YES;
				CLANG_WARN_STRICT_PROTOTYPES = YES;
				CLANG_WARN_SUSPICIOUS_MOVE = YES;
				CLANG_WARN_UNGUARDED_AVAILABILITY = YES_AGGRESSIVE;
				CLANG_WARN_UNREACHABLE_CODE = YES;
				CLANG_WARN__DUPLICATE_METHOD_MATCH = YES;
				COPY_PHASE_STRIP = NO;
				DEBUG_INFORMATION_FORMAT = dwarf;
				ENABLE_STRICT_OBJC_MSGSEND = YES;
				ENABLE_TESTABILITY = YES;
				GCC_C_LANGUAGE_STANDARD = gnu11;
				GCC_DYNAMIC_NO_PIC = NO;
				GCC_NO_COMMON_BLOCKS = YES;
				GCC_OPTIMIZATION_LEVEL = 0;
				GCC_PREPROCESSOR_DEFINITIONS = (
					"DEBUG=1",
					"$(inherited)",
				);
				GCC_WARN_64_TO_32_BIT_CONVERSION = YES;
				GCC_WARN_ABOUT_RETURN_TYPE = YES_ERROR;
				GCC_WARN_UNDECLARED_SELECTOR = YES;
				GCC_WARN_UNINITIALIZED_AUTOS = YES_AGGRESSIVE;
				GCC_WARN_UNUSED_FUNCTION = YES;
				GCC_WARN_UNUSED_VARIABLE = YES;
				IPHONEOS_DEPLOYMENT_TARGET = 15.0;
				MTL_ENABLE_DEBUG_INFO = INCLUDE_SOURCE;
				MTL_FAST_MATH = YES;
				ONLY_ACTIVE_ARCH = YES;
				SDKROOT = iphoneos;
				SWIFT_ACTIVE_COMPILATION_CONDITIONS = DEBUG;
				SWIFT_OPTIMIZATION_LEVEL = "-Onone";
			};
			name = Debug;
		};
		FEA4071B27720C4200E92B05 /* Release */ = {
			isa = XCBuildConfiguration;
			buildSettings = {
				ALWAYS_SEARCH_USER_PATHS = NO;
				CLANG_ANALYZER_NONNULL = YES;
				CLANG_ANALYZER_NUMBER_OBJECT_CONVERSION = YES_AGGRESSIVE;
				CLANG_CXX_LANGUAGE_STANDARD = "gnu++17";
				CLANG_CXX_LIBRARY = "libc++";
				CLANG_ENABLE_MODULES = YES;
				CLANG_ENABLE_OBJC_ARC = YES;
				CLANG_ENABLE_OBJC_WEAK = YES;
				CLANG_WARN_BLOCK_CAPTURE_AUTORELEASING = YES;
				CLANG_WARN_BOOL_CONVERSION = YES;
				CLANG_WARN_COMMA = YES;
				CLANG_WARN_CONSTANT_CONVERSION = YES;
				CLANG_WARN_DEPRECATED_OBJC_IMPLEMENTATIONS = YES;
				CLANG_WARN_DIRECT_OBJC_ISA_USAGE = YES_ERROR;
				CLANG_WARN_DOCUMENTATION_COMMENTS = YES;
				CLANG_WARN_EMPTY_BODY = YES;
				CLANG_WARN_ENUM_CONVERSION = YES;
				CLANG_WARN_INFINITE_RECURSION = YES;
				CLANG_WARN_INT_CONVERSION = YES;
				CLANG_WARN_NON_LITERAL_NULL_CONVERSION = YES;
				CLANG_WARN_OBJC_IMPLICIT_RETAIN_SELF = YES;
				CLANG_WARN_OBJC_LITERAL_CONVERSION = YES;
				CLANG_WARN_OBJC_ROOT_CLASS = YES_ERROR;
				CLANG_WARN_QUOTED_INCLUDE_IN_FRAMEWORK_HEADER = YES;
				CLANG_WARN_RANGE_LOOP_ANALYSIS = YES;
				CLANG_WARN_STRICT_PROTOTYPES = YES;
				CLANG_WARN_SUSPICIOUS_MOVE = YES;
				CLANG_WARN_UNGUARDED_AVAILABILITY = YES_AGGRESSIVE;
				CLANG_WARN_UNREACHABLE_CODE = YES;
				CLANG_WARN__DUPLICATE_METHOD_MATCH = YES;
				COPY_PHASE_STRIP = NO;
				DEBUG_INFORMATION_FORMAT = "dwarf-with-dsym";
				ENABLE_NS_ASSERTIONS = NO;
				ENABLE_STRICT_OBJC_MSGSEND = YES;
				GCC_C_LANGUAGE_STANDARD = gnu11;
				GCC_NO_COMMON_BLOCKS = YES;
				GCC_WARN_64_TO_32_BIT_CONVERSION = YES;
				GCC_WARN_ABOUT_RETURN_TYPE = YES_ERROR;
				GCC_WARN_UNDECLARED_SELECTOR = YES;
				GCC_WARN_UNINITIALIZED_AUTOS = YES_AGGRESSIVE;
				GCC_WARN_UNUSED_FUNCTION = YES;
				GCC_WARN_UNUSED_VARIABLE = YES;
				IPHONEOS_DEPLOYMENT_TARGET = 15.0;
				MTL_ENABLE_DEBUG_INFO = NO;
				MTL_FAST_MATH = YES;
				SDKROOT = iphoneos;
				SWIFT_COMPILATION_MODE = wholemodule;
				SWIFT_OPTIMIZATION_LEVEL = "-O";
				VALIDATE_PRODUCT = YES;
			};
			name = Release;
		};
		FEA4071D27720C4200E92B05 /* Debug */ = {
			isa = XCBuildConfiguration;
			buildSettings = {
				ASSETCATALOG_COMPILER_APPICON_NAME = AppIcon;
				ASSETCATALOG_COMPILER_GLOBAL_ACCENT_COLOR_NAME = AccentColor;
				CODE_SIGN_STYLE = Automatic;
				CURRENT_PROJECT_VERSION = 1;
				DEVELOPMENT_TEAM = NNJ9X2K872;
				GENERATE_INFOPLIST_FILE = YES;
				INFOPLIST_FILE = TMDBtask/Info.plist;
				INFOPLIST_KEY_UIApplicationSupportsIndirectInputEvents = YES;
				INFOPLIST_KEY_UILaunchStoryboardName = LaunchScreen;
				INFOPLIST_KEY_UISupportedInterfaceOrientations_iPad = "UIInterfaceOrientationPortrait UIInterfaceOrientationPortraitUpsideDown UIInterfaceOrientationLandscapeLeft UIInterfaceOrientationLandscapeRight";
				INFOPLIST_KEY_UISupportedInterfaceOrientations_iPhone = "UIInterfaceOrientationPortrait UIInterfaceOrientationLandscapeLeft UIInterfaceOrientationLandscapeRight";
				LD_RUNPATH_SEARCH_PATHS = (
					"$(inherited)",
					"@executable_path/Frameworks",
				);
				MARKETING_VERSION = 1.0;
				OTHER_LDFLAGS = (
					"-weak_framework",
					"\"XCTest\"",
				);
				PRODUCT_BUNDLE_IDENTIFIER = com.Hoo.TMDBtask;
				PRODUCT_NAME = "$(TARGET_NAME)";
				SWIFT_EMIT_LOC_STRINGS = YES;
				SWIFT_VERSION = 5.0;
				TARGETED_DEVICE_FAMILY = 1;
			};
			name = Debug;
		};
		FEA4071E27720C4200E92B05 /* Release */ = {
			isa = XCBuildConfiguration;
			buildSettings = {
				ASSETCATALOG_COMPILER_APPICON_NAME = AppIcon;
				ASSETCATALOG_COMPILER_GLOBAL_ACCENT_COLOR_NAME = AccentColor;
				CODE_SIGN_STYLE = Automatic;
				CURRENT_PROJECT_VERSION = 1;
				DEVELOPMENT_TEAM = NNJ9X2K872;
				GENERATE_INFOPLIST_FILE = YES;
				INFOPLIST_FILE = TMDBtask/Info.plist;
				INFOPLIST_KEY_UIApplicationSupportsIndirectInputEvents = YES;
				INFOPLIST_KEY_UILaunchStoryboardName = LaunchScreen;
				INFOPLIST_KEY_UISupportedInterfaceOrientations_iPad = "UIInterfaceOrientationPortrait UIInterfaceOrientationPortraitUpsideDown UIInterfaceOrientationLandscapeLeft UIInterfaceOrientationLandscapeRight";
				INFOPLIST_KEY_UISupportedInterfaceOrientations_iPhone = "UIInterfaceOrientationPortrait UIInterfaceOrientationLandscapeLeft UIInterfaceOrientationLandscapeRight";
				LD_RUNPATH_SEARCH_PATHS = (
					"$(inherited)",
					"@executable_path/Frameworks",
				);
				MARKETING_VERSION = 1.0;
				OTHER_LDFLAGS = (
					"-weak_framework",
					"\"XCTest\"",
				);
				PRODUCT_BUNDLE_IDENTIFIER = com.Hoo.TMDBtask;
				PRODUCT_NAME = "$(TARGET_NAME)";
				SWIFT_EMIT_LOC_STRINGS = YES;
				SWIFT_VERSION = 5.0;
				TARGETED_DEVICE_FAMILY = 1;
			};
			name = Release;
		};
/* End XCBuildConfiguration section */

/* Begin XCConfigurationList section */
		FEA4070327720C4100E92B05 /* Build configuration list for PBXProject "TMDBtask" */ = {
			isa = XCConfigurationList;
			buildConfigurations = (
				FEA4071A27720C4200E92B05 /* Debug */,
				FEA4071B27720C4200E92B05 /* Release */,
			);
			defaultConfigurationIsVisible = 0;
			defaultConfigurationName = Release;
		};
		FEA4071C27720C4200E92B05 /* Build configuration list for PBXNativeTarget "TMDBtask" */ = {
			isa = XCConfigurationList;
			buildConfigurations = (
				FEA4071D27720C4200E92B05 /* Debug */,
				FEA4071E27720C4200E92B05 /* Release */,
			);
			defaultConfigurationIsVisible = 0;
			defaultConfigurationName = Release;
		};
/* End XCConfigurationList section */

/* Begin XCRemoteSwiftPackageReference section */
		FEA4071F27720CA000E92B05 /* XCRemoteSwiftPackageReference "SnapKit" */ = {
			isa = XCRemoteSwiftPackageReference;
			repositoryURL = "https://github.com/SnapKit/SnapKit.git";
			requirement = {
				kind = upToNextMajorVersion;
				minimumVersion = 5.0.0;
			};
		};
/* End XCRemoteSwiftPackageReference section */

/* Begin XCSwiftPackageProductDependency section */
		FEA4072027720CA000E92B05 /* SnapKit */ = {
			isa = XCSwiftPackageProductDependency;
			package = FEA4071F27720CA000E92B05 /* XCRemoteSwiftPackageReference "SnapKit" */;
			productName = SnapKit;
		};
/* End XCSwiftPackageProductDependency section */
	};
	rootObject = FEA4070027720C4100E92B05 /* Project object */;
}
