// !$*UTF8*$!
{
	archiveVersion = 1;
	classes = {
	};
	objectVersion = 55;
	objects = {

/* Begin PBXBuildFile section */
		FEE1F36E2779482D00773890 /* AppDelegate.swift in Sources */ = {isa = PBXBuildFile; fileRef = FEE1F36D2779482D00773890 /* AppDelegate.swift */; };
		FEE1F3702779482D00773890 /* SceneDelegate.swift in Sources */ = {isa = PBXBuildFile; fileRef = FEE1F36F2779482D00773890 /* SceneDelegate.swift */; };
		FEE1F3722779482D00773890 /* SignInViewController.swift in Sources */ = {isa = PBXBuildFile; fileRef = FEE1F3712779482D00773890 /* SignInViewController.swift */; };
		FEE1F3772779482E00773890 /* Assets.xcassets in Resources */ = {isa = PBXBuildFile; fileRef = FEE1F3762779482E00773890 /* Assets.xcassets */; };
		FEE1F37A2779482E00773890 /* LaunchScreen.storyboard in Resources */ = {isa = PBXBuildFile; fileRef = FEE1F3782779482E00773890 /* LaunchScreen.storyboard */; };
		FEE1F38227794BBD00773890 /* SignInView.swift in Sources */ = {isa = PBXBuildFile; fileRef = FEE1F38127794BBD00773890 /* SignInView.swift */; };
		FEE1F38527794C1300773890 /* SnapKit in Frameworks */ = {isa = PBXBuildFile; productRef = FEE1F38427794C1300773890 /* SnapKit */; };
		FEE1F3872779504000773890 /* APIService.swift in Sources */ = {isa = PBXBuildFile; fileRef = FEE1F3862779504000773890 /* APIService.swift */; };
		FEE1F3892779576B00773890 /* User.swift in Sources */ = {isa = PBXBuildFile; fileRef = FEE1F3882779576B00773890 /* User.swift */; };
		FEE1F38B27798A3300773890 /* MainViewController.swift in Sources */ = {isa = PBXBuildFile; fileRef = FEE1F38A27798A3300773890 /* MainViewController.swift */; };
		FEE1F38D2779F3CD00773890 /* SignInViewModel.swift in Sources */ = {isa = PBXBuildFile; fileRef = FEE1F38C2779F3CD00773890 /* SignInViewModel.swift */; };
		FEE1F38F2779F3DC00773890 /* Observable.swift in Sources */ = {isa = PBXBuildFile; fileRef = FEE1F38E2779F3DC00773890 /* Observable.swift */; };
		FEE1F391277A289D00773890 /* SignUpView.swift in Sources */ = {isa = PBXBuildFile; fileRef = FEE1F390277A289D00773890 /* SignUpView.swift */; };
		FEE1F393277A2A8700773890 /* SignUpViewController.swift in Sources */ = {isa = PBXBuildFile; fileRef = FEE1F392277A2A8700773890 /* SignUpViewController.swift */; };
		FEE1F395277A914C00773890 /* LottoViewController.swift in Sources */ = {isa = PBXBuildFile; fileRef = FEE1F394277A914C00773890 /* LottoViewController.swift */; };
		FEE1F397277A94AA00773890 /* Lotto.swift in Sources */ = {isa = PBXBuildFile; fileRef = FEE1F396277A94AA00773890 /* Lotto.swift */; };
		FEE1F399277A962300773890 /* LottoViewModel.swift in Sources */ = {isa = PBXBuildFile; fileRef = FEE1F398277A962300773890 /* LottoViewModel.swift */; };
		FEE1F39B277AA67D00773890 /* Person.swift in Sources */ = {isa = PBXBuildFile; fileRef = FEE1F39A277AA67D00773890 /* Person.swift */; };
		FEE1F39D277AAA9A00773890 /* PersonViewModel.swift in Sources */ = {isa = PBXBuildFile; fileRef = FEE1F39C277AAA9A00773890 /* PersonViewModel.swift */; };
		FEE1F39F277AAB8000773890 /* PersonViewController.swift in Sources */ = {isa = PBXBuildFile; fileRef = FEE1F39E277AAB8000773890 /* PersonViewController.swift */; };
		FEE1F3AA277ADB7B00773890 /* SignUpViewModel.swift in Sources */ = {isa = PBXBuildFile; fileRef = FEE1F3A9277ADB7B00773890 /* SignUpViewModel.swift */; };
		FEE1F3AC277B272600773890 /* Board.swift in Sources */ = {isa = PBXBuildFile; fileRef = FEE1F3AB277B272600773890 /* Board.swift */; };
		FEE1F3AE277B278600773890 /* Mainview.swift in Sources */ = {isa = PBXBuildFile; fileRef = FEE1F3AD277B278600773890 /* Mainview.swift */; };
		FEE1F3B0277B2BFB00773890 /* MainviewModel.swift in Sources */ = {isa = PBXBuildFile; fileRef = FEE1F3AF277B2BFB00773890 /* MainviewModel.swift */; };
/* End PBXBuildFile section */

/* Begin PBXFileReference section */
		FEE1F36A2779482D00773890 /* SeSacWeek14.app */ = {isa = PBXFileReference; explicitFileType = wrapper.application; includeInIndex = 0; path = SeSacWeek14.app; sourceTree = BUILT_PRODUCTS_DIR; };
		FEE1F36D2779482D00773890 /* AppDelegate.swift */ = {isa = PBXFileReference; lastKnownFileType = sourcecode.swift; path = AppDelegate.swift; sourceTree = "<group>"; };
		FEE1F36F2779482D00773890 /* SceneDelegate.swift */ = {isa = PBXFileReference; lastKnownFileType = sourcecode.swift; path = SceneDelegate.swift; sourceTree = "<group>"; };
		FEE1F3712779482D00773890 /* SignInViewController.swift */ = {isa = PBXFileReference; lastKnownFileType = sourcecode.swift; path = SignInViewController.swift; sourceTree = "<group>"; };
		FEE1F3762779482E00773890 /* Assets.xcassets */ = {isa = PBXFileReference; lastKnownFileType = folder.assetcatalog; path = Assets.xcassets; sourceTree = "<group>"; };
		FEE1F3792779482E00773890 /* Base */ = {isa = PBXFileReference; lastKnownFileType = file.storyboard; name = Base; path = Base.lproj/LaunchScreen.storyboard; sourceTree = "<group>"; };
		FEE1F37B2779482E00773890 /* Info.plist */ = {isa = PBXFileReference; lastKnownFileType = text.plist.xml; path = Info.plist; sourceTree = "<group>"; };
		FEE1F38127794BBD00773890 /* SignInView.swift */ = {isa = PBXFileReference; lastKnownFileType = sourcecode.swift; path = SignInView.swift; sourceTree = "<group>"; };
		FEE1F3862779504000773890 /* APIService.swift */ = {isa = PBXFileReference; lastKnownFileType = sourcecode.swift; path = APIService.swift; sourceTree = "<group>"; };
		FEE1F3882779576B00773890 /* User.swift */ = {isa = PBXFileReference; lastKnownFileType = sourcecode.swift; path = User.swift; sourceTree = "<group>"; };
		FEE1F38A27798A3300773890 /* MainViewController.swift */ = {isa = PBXFileReference; lastKnownFileType = sourcecode.swift; path = MainViewController.swift; sourceTree = "<group>"; };
		FEE1F38C2779F3CD00773890 /* SignInViewModel.swift */ = {isa = PBXFileReference; lastKnownFileType = sourcecode.swift; path = SignInViewModel.swift; sourceTree = "<group>"; };
		FEE1F38E2779F3DC00773890 /* Observable.swift */ = {isa = PBXFileReference; lastKnownFileType = sourcecode.swift; path = Observable.swift; sourceTree = "<group>"; };
		FEE1F390277A289D00773890 /* SignUpView.swift */ = {isa = PBXFileReference; lastKnownFileType = sourcecode.swift; path = SignUpView.swift; sourceTree = "<group>"; };
		FEE1F392277A2A8700773890 /* SignUpViewController.swift */ = {isa = PBXFileReference; lastKnownFileType = sourcecode.swift; path = SignUpViewController.swift; sourceTree = "<group>"; };
		FEE1F394277A914C00773890 /* LottoViewController.swift */ = {isa = PBXFileReference; lastKnownFileType = sourcecode.swift; path = LottoViewController.swift; sourceTree = "<group>"; };
		FEE1F396277A94AA00773890 /* Lotto.swift */ = {isa = PBXFileReference; lastKnownFileType = sourcecode.swift; path = Lotto.swift; sourceTree = "<group>"; };
		FEE1F398277A962300773890 /* LottoViewModel.swift */ = {isa = PBXFileReference; lastKnownFileType = sourcecode.swift; path = LottoViewModel.swift; sourceTree = "<group>"; };
		FEE1F39A277AA67D00773890 /* Person.swift */ = {isa = PBXFileReference; lastKnownFileType = sourcecode.swift; path = Person.swift; sourceTree = "<group>"; };
		FEE1F39C277AAA9A00773890 /* PersonViewModel.swift */ = {isa = PBXFileReference; lastKnownFileType = sourcecode.swift; path = PersonViewModel.swift; sourceTree = "<group>"; };
		FEE1F39E277AAB8000773890 /* PersonViewController.swift */ = {isa = PBXFileReference; lastKnownFileType = sourcecode.swift; path = PersonViewController.swift; sourceTree = "<group>"; };
		FEE1F3A9277ADB7B00773890 /* SignUpViewModel.swift */ = {isa = PBXFileReference; lastKnownFileType = sourcecode.swift; path = SignUpViewModel.swift; sourceTree = "<group>"; };
		FEE1F3AB277B272600773890 /* Board.swift */ = {isa = PBXFileReference; lastKnownFileType = sourcecode.swift; path = Board.swift; sourceTree = "<group>"; };
		FEE1F3AD277B278600773890 /* Mainview.swift */ = {isa = PBXFileReference; lastKnownFileType = sourcecode.swift; path = Mainview.swift; sourceTree = "<group>"; };
		FEE1F3AF277B2BFB00773890 /* MainviewModel.swift */ = {isa = PBXFileReference; lastKnownFileType = sourcecode.swift; path = MainviewModel.swift; sourceTree = "<group>"; };
/* End PBXFileReference section */

/* Begin PBXFrameworksBuildPhase section */
		FEE1F3672779482D00773890 /* Frameworks */ = {
			isa = PBXFrameworksBuildPhase;
			buildActionMask = 2147483647;
			files = (
				FEE1F38527794C1300773890 /* SnapKit in Frameworks */,
			);
			runOnlyForDeploymentPostprocessing = 0;
		};
/* End PBXFrameworksBuildPhase section */

/* Begin PBXGroup section */
		FEE1F3612779482D00773890 = {
			isa = PBXGroup;
			children = (
				FEE1F36C2779482D00773890 /* SeSacWeek14 */,
				FEE1F36B2779482D00773890 /* Products */,
			);
			sourceTree = "<group>";
		};
		FEE1F36B2779482D00773890 /* Products */ = {
			isa = PBXGroup;
			children = (
				FEE1F36A2779482D00773890 /* SeSacWeek14.app */,
			);
			name = Products;
			sourceTree = "<group>";
		};
		FEE1F36C2779482D00773890 /* SeSacWeek14 */ = {
			isa = PBXGroup;
			children = (
				FEE1F3A4277AD7D000773890 /* Sign */,
				FEE1F3A0277AD78C00773890 /* Person */,
				FEE1F36D2779482D00773890 /* AppDelegate.swift */,
				FEE1F36F2779482D00773890 /* SceneDelegate.swift */,
				FEE1F394277A914C00773890 /* LottoViewController.swift */,
				FEE1F396277A94AA00773890 /* Lotto.swift */,
				FEE1F38E2779F3DC00773890 /* Observable.swift */,
				FEE1F3862779504000773890 /* APIService.swift */,
				FEE1F398277A962300773890 /* LottoViewModel.swift */,
				FEE1F3762779482E00773890 /* Assets.xcassets */,
				FEE1F3782779482E00773890 /* LaunchScreen.storyboard */,
				FEE1F37B2779482E00773890 /* Info.plist */,
			);
			path = SeSacWeek14;
			sourceTree = "<group>";
		};
		FEE1F3A0277AD78C00773890 /* Person */ = {
			isa = PBXGroup;
			children = (
				FEE1F3A3277AD7AB00773890 /* ViewModel */,
				FEE1F3A2277AD7A400773890 /* View */,
				FEE1F3A1277AD79A00773890 /* Model */,
			);
			path = Person;
			sourceTree = "<group>";
		};
		FEE1F3A1277AD79A00773890 /* Model */ = {
			isa = PBXGroup;
			children = (
				FEE1F39A277AA67D00773890 /* Person.swift */,
			);
			path = Model;
			sourceTree = "<group>";
		};
		FEE1F3A2277AD7A400773890 /* View */ = {
			isa = PBXGroup;
			children = (
				FEE1F39E277AAB8000773890 /* PersonViewController.swift */,
			);
			path = View;
			sourceTree = "<group>";
		};
		FEE1F3A3277AD7AB00773890 /* ViewModel */ = {
			isa = PBXGroup;
			children = (
				FEE1F39C277AAA9A00773890 /* PersonViewModel.swift */,
			);
			path = ViewModel;
			sourceTree = "<group>";
		};
		FEE1F3A4277AD7D000773890 /* Sign */ = {
			isa = PBXGroup;
			children = (
				FEE1F3A8277AD85C00773890 /* Model */,
				FEE1F3A7277AD85500773890 /* ViewModel */,
				FEE1F3A6277AD84D00773890 /* View */,
			);
			path = Sign;
			sourceTree = "<group>";
		};
		FEE1F3A6277AD84D00773890 /* View */ = {
			isa = PBXGroup;
			children = (
				FEE1F38A27798A3300773890 /* MainViewController.swift */,
				FEE1F3AD277B278600773890 /* Mainview.swift */,
				FEE1F392277A2A8700773890 /* SignUpViewController.swift */,
				FEE1F390277A289D00773890 /* SignUpView.swift */,
				FEE1F3712779482D00773890 /* SignInViewController.swift */,
				FEE1F38127794BBD00773890 /* SignInView.swift */,
			);
			path = View;
			sourceTree = "<group>";
		};
		FEE1F3A7277AD85500773890 /* ViewModel */ = {
			isa = PBXGroup;
			children = (
				FEE1F38C2779F3CD00773890 /* SignInViewModel.swift */,
				FEE1F3A9277ADB7B00773890 /* SignUpViewModel.swift */,
				FEE1F3AF277B2BFB00773890 /* MainviewModel.swift */,
			);
			path = ViewModel;
			sourceTree = "<group>";
		};
		FEE1F3A8277AD85C00773890 /* Model */ = {
			isa = PBXGroup;
			children = (
				FEE1F3882779576B00773890 /* User.swift */,
				FEE1F3AB277B272600773890 /* Board.swift */,
			);
			path = Model;
			sourceTree = "<group>";
		};
/* End PBXGroup section */

/* Begin PBXNativeTarget section */
		FEE1F3692779482D00773890 /* SeSacWeek14 */ = {
			isa = PBXNativeTarget;
			buildConfigurationList = FEE1F37E2779482E00773890 /* Build configuration list for PBXNativeTarget "SeSacWeek14" */;
			buildPhases = (
				FEE1F3662779482D00773890 /* Sources */,
				FEE1F3672779482D00773890 /* Frameworks */,
				FEE1F3682779482D00773890 /* Resources */,
			);
			buildRules = (
			);
			dependencies = (
			);
			name = SeSacWeek14;
			packageProductDependencies = (
				FEE1F38427794C1300773890 /* SnapKit */,
			);
			productName = SeSacWeek14;
			productReference = FEE1F36A2779482D00773890 /* SeSacWeek14.app */;
			productType = "com.apple.product-type.application";
		};
/* End PBXNativeTarget section */

/* Begin PBXProject section */
		FEE1F3622779482D00773890 /* Project object */ = {
			isa = PBXProject;
			attributes = {
				BuildIndependentTargetsInParallel = 1;
				LastSwiftUpdateCheck = 1310;
				LastUpgradeCheck = 1310;
				TargetAttributes = {
					FEE1F3692779482D00773890 = {
						CreatedOnToolsVersion = 13.1;
					};
				};
			};
			buildConfigurationList = FEE1F3652779482D00773890 /* Build configuration list for PBXProject "SeSacWeek14" */;
			compatibilityVersion = "Xcode 13.0";
			developmentRegion = en;
			hasScannedForEncodings = 0;
			knownRegions = (
				en,
				Base,
			);
			mainGroup = FEE1F3612779482D00773890;
			packageReferences = (
				FEE1F38327794C1300773890 /* XCRemoteSwiftPackageReference "SnapKit" */,
			);
			productRefGroup = FEE1F36B2779482D00773890 /* Products */;
			projectDirPath = "";
			projectRoot = "";
			targets = (
				FEE1F3692779482D00773890 /* SeSacWeek14 */,
			);
		};
/* End PBXProject section */

/* Begin PBXResourcesBuildPhase section */
		FEE1F3682779482D00773890 /* Resources */ = {
			isa = PBXResourcesBuildPhase;
			buildActionMask = 2147483647;
			files = (
				FEE1F37A2779482E00773890 /* LaunchScreen.storyboard in Resources */,
				FEE1F3772779482E00773890 /* Assets.xcassets in Resources */,
			);
			runOnlyForDeploymentPostprocessing = 0;
		};
/* End PBXResourcesBuildPhase section */

/* Begin PBXSourcesBuildPhase section */
		FEE1F3662779482D00773890 /* Sources */ = {
			isa = PBXSourcesBuildPhase;
			buildActionMask = 2147483647;
			files = (
				FEE1F3B0277B2BFB00773890 /* MainviewModel.swift in Sources */,
				FEE1F39B277AA67D00773890 /* Person.swift in Sources */,
				FEE1F3AE277B278600773890 /* Mainview.swift in Sources */,
				FEE1F393277A2A8700773890 /* SignUpViewController.swift in Sources */,
				FEE1F39F277AAB8000773890 /* PersonViewController.swift in Sources */,
				FEE1F399277A962300773890 /* LottoViewModel.swift in Sources */,
				FEE1F3AA277ADB7B00773890 /* SignUpViewModel.swift in Sources */,
				FEE1F39D277AAA9A00773890 /* PersonViewModel.swift in Sources */,
				FEE1F397277A94AA00773890 /* Lotto.swift in Sources */,
				FEE1F391277A289D00773890 /* SignUpView.swift in Sources */,
				FEE1F38B27798A3300773890 /* MainViewController.swift in Sources */,
				FEE1F3722779482D00773890 /* SignInViewController.swift in Sources */,
				FEE1F3872779504000773890 /* APIService.swift in Sources */,
				FEE1F3892779576B00773890 /* User.swift in Sources */,
				FEE1F38F2779F3DC00773890 /* Observable.swift in Sources */,
				FEE1F38D2779F3CD00773890 /* SignInViewModel.swift in Sources */,
				FEE1F38227794BBD00773890 /* SignInView.swift in Sources */,
				FEE1F395277A914C00773890 /* LottoViewController.swift in Sources */,
				FEE1F36E2779482D00773890 /* AppDelegate.swift in Sources */,
				FEE1F3AC277B272600773890 /* Board.swift in Sources */,
				FEE1F3702779482D00773890 /* SceneDelegate.swift in Sources */,
			);
			runOnlyForDeploymentPostprocessing = 0;
		};
/* End PBXSourcesBuildPhase section */

/* Begin PBXVariantGroup section */
		FEE1F3782779482E00773890 /* LaunchScreen.storyboard */ = {
			isa = PBXVariantGroup;
			children = (
				FEE1F3792779482E00773890 /* Base */,
			);
			name = LaunchScreen.storyboard;
			sourceTree = "<group>";
		};
/* End PBXVariantGroup section */

/* Begin XCBuildConfiguration section */
		FEE1F37C2779482E00773890 /* Debug */ = {
			isa = XCBuildConfiguration;
			buildSettings = {
				ALWAYS_SEARCH_USER_PATHS = NO;
				CLANG_ANALYZER_NONNULL = YES;
				CLANG_ANALYZER_NUMBER_OBJECT_CONVERSION = YES_AGGRESSIVE;
				CLANG_CXX_LANGUAGE_STANDARD = "gnu++17";
				CLANG_CXX_LIBRARY = "libc++";
				CLANG_ENABLE_MODULES = YES;
				CLANG_ENABLE_OBJC_ARC = YES;
				CLANG_ENABLE_OBJC_WEAK = YES;
				CLANG_WARN_BLOCK_CAPTURE_AUTORELEASING = YES;
				CLANG_WARN_BOOL_CONVERSION = YES;
				CLANG_WARN_COMMA = YES;
				CLANG_WARN_CONSTANT_CONVERSION = YES;
				CLANG_WARN_DEPRECATED_OBJC_IMPLEMENTATIONS = YES;
				CLANG_WARN_DIRECT_OBJC_ISA_USAGE = YES_ERROR;
				CLANG_WARN_DOCUMENTATION_COMMENTS = YES;
				CLANG_WARN_EMPTY_BODY = YES;
				CLANG_WARN_ENUM_CONVERSION = YES;
				CLANG_WARN_INFINITE_RECURSION = YES;
				CLANG_WARN_INT_CONVERSION = YES;
				CLANG_WARN_NON_LITERAL_NULL_CONVERSION = YES;
				CLANG_WARN_OBJC_IMPLICIT_RETAIN_SELF = YES;
				CLANG_WARN_OBJC_LITERAL_CONVERSION = YES;
				CLANG_WARN_OBJC_ROOT_CLASS = YES_ERROR;
				CLANG_WARN_QUOTED_INCLUDE_IN_FRAMEWORK_HEADER = YES;
				CLANG_WARN_RANGE_LOOP_ANALYSIS = YES;
				CLANG_WARN_STRICT_PROTOTYPES = YES;
				CLANG_WARN_SUSPICIOUS_MOVE = YES;
				CLANG_WARN_UNGUARDED_AVAILABILITY = YES_AGGRESSIVE;
				CLANG_WARN_UNREACHABLE_CODE = YES;
				CLANG_WARN__DUPLICATE_METHOD_MATCH = YES;
				COPY_PHASE_STRIP = NO;
				DEBUG_INFORMATION_FORMAT = dwarf;
				ENABLE_STRICT_OBJC_MSGSEND = YES;
				ENABLE_TESTABILITY = YES;
				GCC_C_LANGUAGE_STANDARD = gnu11;
				GCC_DYNAMIC_NO_PIC = NO;
				GCC_NO_COMMON_BLOCKS = YES;
				GCC_OPTIMIZATION_LEVEL = 0;
				GCC_PREPROCESSOR_DEFINITIONS = (
					"DEBUG=1",
					"$(inherited)",
				);
				GCC_WARN_64_TO_32_BIT_CONVERSION = YES;
				GCC_WARN_ABOUT_RETURN_TYPE = YES_ERROR;
				GCC_WARN_UNDECLARED_SELECTOR = YES;
				GCC_WARN_UNINITIALIZED_AUTOS = YES_AGGRESSIVE;
				GCC_WARN_UNUSED_FUNCTION = YES;
				GCC_WARN_UNUSED_VARIABLE = YES;
				IPHONEOS_DEPLOYMENT_TARGET = 15.0;
				MTL_ENABLE_DEBUG_INFO = INCLUDE_SOURCE;
				MTL_FAST_MATH = YES;
				ONLY_ACTIVE_ARCH = YES;
				SDKROOT = iphoneos;
				SWIFT_ACTIVE_COMPILATION_CONDITIONS = DEBUG;
				SWIFT_OPTIMIZATION_LEVEL = "-Onone";
			};
			name = Debug;
		};
		FEE1F37D2779482E00773890 /* Release */ = {
			isa = XCBuildConfiguration;
			buildSettings = {
				ALWAYS_SEARCH_USER_PATHS = NO;
				CLANG_ANALYZER_NONNULL = YES;
				CLANG_ANALYZER_NUMBER_OBJECT_CONVERSION = YES_AGGRESSIVE;
				CLANG_CXX_LANGUAGE_STANDARD = "gnu++17";
				CLANG_CXX_LIBRARY = "libc++";
				CLANG_ENABLE_MODULES = YES;
				CLANG_ENABLE_OBJC_ARC = YES;
				CLANG_ENABLE_OBJC_WEAK = YES;
				CLANG_WARN_BLOCK_CAPTURE_AUTORELEASING = YES;
				CLANG_WARN_BOOL_CONVERSION = YES;
				CLANG_WARN_COMMA = YES;
				CLANG_WARN_CONSTANT_CONVERSION = YES;
				CLANG_WARN_DEPRECATED_OBJC_IMPLEMENTATIONS = YES;
				CLANG_WARN_DIRECT_OBJC_ISA_USAGE = YES_ERROR;
				CLANG_WARN_DOCUMENTATION_COMMENTS = YES;
				CLANG_WARN_EMPTY_BODY = YES;
				CLANG_WARN_ENUM_CONVERSION = YES;
				CLANG_WARN_INFINITE_RECURSION = YES;
				CLANG_WARN_INT_CONVERSION = YES;
				CLANG_WARN_NON_LITERAL_NULL_CONVERSION = YES;
				CLANG_WARN_OBJC_IMPLICIT_RETAIN_SELF = YES;
				CLANG_WARN_OBJC_LITERAL_CONVERSION = YES;
				CLANG_WARN_OBJC_ROOT_CLASS = YES_ERROR;
				CLANG_WARN_QUOTED_INCLUDE_IN_FRAMEWORK_HEADER = YES;
				CLANG_WARN_RANGE_LOOP_ANALYSIS = YES;
				CLANG_WARN_STRICT_PROTOTYPES = YES;
				CLANG_WARN_SUSPICIOUS_MOVE = YES;
				CLANG_WARN_UNGUARDED_AVAILABILITY = YES_AGGRESSIVE;
				CLANG_WARN_UNREACHABLE_CODE = YES;
				CLANG_WARN__DUPLICATE_METHOD_MATCH = YES;
				COPY_PHASE_STRIP = NO;
				DEBUG_INFORMATION_FORMAT = "dwarf-with-dsym";
				ENABLE_NS_ASSERTIONS = NO;
				ENABLE_STRICT_OBJC_MSGSEND = YES;
				GCC_C_LANGUAGE_STANDARD = gnu11;
				GCC_NO_COMMON_BLOCKS = YES;
				GCC_WARN_64_TO_32_BIT_CONVERSION = YES;
				GCC_WARN_ABOUT_RETURN_TYPE = YES_ERROR;
				GCC_WARN_UNDECLARED_SELECTOR = YES;
				GCC_WARN_UNINITIALIZED_AUTOS = YES_AGGRESSIVE;
				GCC_WARN_UNUSED_FUNCTION = YES;
				GCC_WARN_UNUSED_VARIABLE = YES;
				IPHONEOS_DEPLOYMENT_TARGET = 15.0;
				MTL_ENABLE_DEBUG_INFO = NO;
				MTL_FAST_MATH = YES;
				SDKROOT = iphoneos;
				SWIFT_COMPILATION_MODE = wholemodule;
				SWIFT_OPTIMIZATION_LEVEL = "-O";
				VALIDATE_PRODUCT = YES;
			};
			name = Release;
		};
		FEE1F37F2779482E00773890 /* Debug */ = {
			isa = XCBuildConfiguration;
			buildSettings = {
				ASSETCATALOG_COMPILER_APPICON_NAME = AppIcon;
				ASSETCATALOG_COMPILER_GLOBAL_ACCENT_COLOR_NAME = AccentColor;
				CODE_SIGN_STYLE = Automatic;
				CURRENT_PROJECT_VERSION = 1;
				DEVELOPMENT_TEAM = NNJ9X2K872;
				GENERATE_INFOPLIST_FILE = YES;
				INFOPLIST_FILE = SeSacWeek14/Info.plist;
				INFOPLIST_KEY_UIApplicationSupportsIndirectInputEvents = YES;
				INFOPLIST_KEY_UILaunchStoryboardName = LaunchScreen;
				INFOPLIST_KEY_UISupportedInterfaceOrientations_iPad = "UIInterfaceOrientationPortrait UIInterfaceOrientationPortraitUpsideDown UIInterfaceOrientationLandscapeLeft UIInterfaceOrientationLandscapeRight";
				INFOPLIST_KEY_UISupportedInterfaceOrientations_iPhone = "UIInterfaceOrientationPortrait UIInterfaceOrientationLandscapeLeft UIInterfaceOrientationLandscapeRight";
				LD_RUNPATH_SEARCH_PATHS = (
					"$(inherited)",
					"@executable_path/Frameworks",
				);
				MARKETING_VERSION = 1.0;
				PRODUCT_BUNDLE_IDENTIFIER = com.Hoo.SeSacWeek14;
				PRODUCT_NAME = "$(TARGET_NAME)";
				SWIFT_EMIT_LOC_STRINGS = YES;
				SWIFT_VERSION = 5.0;
				TARGETED_DEVICE_FAMILY = "1,2";
			};
			name = Debug;
		};
		FEE1F3802779482E00773890 /* Release */ = {
			isa = XCBuildConfiguration;
			buildSettings = {
				ASSETCATALOG_COMPILER_APPICON_NAME = AppIcon;
				ASSETCATALOG_COMPILER_GLOBAL_ACCENT_COLOR_NAME = AccentColor;
				CODE_SIGN_STYLE = Automatic;
				CURRENT_PROJECT_VERSION = 1;
				DEVELOPMENT_TEAM = NNJ9X2K872;
				GENERATE_INFOPLIST_FILE = YES;
				INFOPLIST_FILE = SeSacWeek14/Info.plist;
				INFOPLIST_KEY_UIApplicationSupportsIndirectInputEvents = YES;
				INFOPLIST_KEY_UILaunchStoryboardName = LaunchScreen;
				INFOPLIST_KEY_UISupportedInterfaceOrientations_iPad = "UIInterfaceOrientationPortrait UIInterfaceOrientationPortraitUpsideDown UIInterfaceOrientationLandscapeLeft UIInterfaceOrientationLandscapeRight";
				INFOPLIST_KEY_UISupportedInterfaceOrientations_iPhone = "UIInterfaceOrientationPortrait UIInterfaceOrientationLandscapeLeft UIInterfaceOrientationLandscapeRight";
				LD_RUNPATH_SEARCH_PATHS = (
					"$(inherited)",
					"@executable_path/Frameworks",
				);
				MARKETING_VERSION = 1.0;
				PRODUCT_BUNDLE_IDENTIFIER = com.Hoo.SeSacWeek14;
				PRODUCT_NAME = "$(TARGET_NAME)";
				SWIFT_EMIT_LOC_STRINGS = YES;
				SWIFT_VERSION = 5.0;
				TARGETED_DEVICE_FAMILY = "1,2";
			};
			name = Release;
		};
/* End XCBuildConfiguration section */

/* Begin XCConfigurationList section */
		FEE1F3652779482D00773890 /* Build configuration list for PBXProject "SeSacWeek14" */ = {
			isa = XCConfigurationList;
			buildConfigurations = (
				FEE1F37C2779482E00773890 /* Debug */,
				FEE1F37D2779482E00773890 /* Release */,
			);
			defaultConfigurationIsVisible = 0;
			defaultConfigurationName = Release;
		};
		FEE1F37E2779482E00773890 /* Build configuration list for PBXNativeTarget "SeSacWeek14" */ = {
			isa = XCConfigurationList;
			buildConfigurations = (
				FEE1F37F2779482E00773890 /* Debug */,
				FEE1F3802779482E00773890 /* Release */,
			);
			defaultConfigurationIsVisible = 0;
			defaultConfigurationName = Release;
		};
/* End XCConfigurationList section */

/* Begin XCRemoteSwiftPackageReference section */
		FEE1F38327794C1300773890 /* XCRemoteSwiftPackageReference "SnapKit" */ = {
			isa = XCRemoteSwiftPackageReference;
			repositoryURL = "https://github.com/SnapKit/SnapKit.git";
			requirement = {
				kind = upToNextMajorVersion;
				minimumVersion = 5.0.0;
			};
		};
/* End XCRemoteSwiftPackageReference section */

/* Begin XCSwiftPackageProductDependency section */
		FEE1F38427794C1300773890 /* SnapKit */ = {
			isa = XCSwiftPackageProductDependency;
			package = FEE1F38327794C1300773890 /* XCRemoteSwiftPackageReference "SnapKit" */;
			productName = SnapKit;
		};
/* End XCSwiftPackageProductDependency section */
	};
	rootObject = FEE1F3622779482D00773890 /* Project object */;
}
