// !$*UTF8*$!
{
	archiveVersion = 1;
	classes = {
	};
	objectVersion = 55;
	objects = {

/* Begin PBXBuildFile section */
		FE5505EA27353DDF006B523E /* AppDelegate.swift in Sources */ = {isa = PBXBuildFile; fileRef = FE5505E927353DDF006B523E /* AppDelegate.swift */; };
		FE5505EC27353DDF006B523E /* SceneDelegate.swift in Sources */ = {isa = PBXBuildFile; fileRef = FE5505EB27353DDF006B523E /* SceneDelegate.swift */; };
		FE5505EE27353DDF006B523E /* ViewController.swift in Sources */ = {isa = PBXBuildFile; fileRef = FE5505ED27353DDF006B523E /* ViewController.swift */; };
		FE5505F127353DDF006B523E /* Main.storyboard in Resources */ = {isa = PBXBuildFile; fileRef = FE5505EF27353DDF006B523E /* Main.storyboard */; };
		FE5505F327353DE2006B523E /* Assets.xcassets in Resources */ = {isa = PBXBuildFile; fileRef = FE5505F227353DE2006B523E /* Assets.xcassets */; };
		FE5505F627353DE2006B523E /* LaunchScreen.storyboard in Resources */ = {isa = PBXBuildFile; fileRef = FE5505F427353DE2006B523E /* LaunchScreen.storyboard */; };
		FE5505FE273579EC006B523E /* MainViewController.swift in Sources */ = {isa = PBXBuildFile; fileRef = FE5505FD273579EC006B523E /* MainViewController.swift */; };
		FE550600273579FC006B523E /* SettingViewController.swift in Sources */ = {isa = PBXBuildFile; fileRef = FE5505FF273579FC006B523E /* SettingViewController.swift */; };
		FE550602273585B4006B523E /* MainTableViewCell.swift in Sources */ = {isa = PBXBuildFile; fileRef = FE550601273585B4006B523E /* MainTableViewCell.swift */; };
		FE55060427359449006B523E /* MainTopViewDesign.swift in Sources */ = {isa = PBXBuildFile; fileRef = FE55060327359449006B523E /* MainTopViewDesign.swift */; };
/* End PBXBuildFile section */

/* Begin PBXFileReference section */
		FE5505E627353DDF006B523E /* shopList.app */ = {isa = PBXFileReference; explicitFileType = wrapper.application; includeInIndex = 0; path = shopList.app; sourceTree = BUILT_PRODUCTS_DIR; };
		FE5505E927353DDF006B523E /* AppDelegate.swift */ = {isa = PBXFileReference; lastKnownFileType = sourcecode.swift; path = AppDelegate.swift; sourceTree = "<group>"; };
		FE5505EB27353DDF006B523E /* SceneDelegate.swift */ = {isa = PBXFileReference; lastKnownFileType = sourcecode.swift; path = SceneDelegate.swift; sourceTree = "<group>"; };
		FE5505ED27353DDF006B523E /* ViewController.swift */ = {isa = PBXFileReference; lastKnownFileType = sourcecode.swift; path = ViewController.swift; sourceTree = "<group>"; };
		FE5505F027353DDF006B523E /* Base */ = {isa = PBXFileReference; lastKnownFileType = file.storyboard; name = Base; path = Base.lproj/Main.storyboard; sourceTree = "<group>"; };
		FE5505F227353DE2006B523E /* Assets.xcassets */ = {isa = PBXFileReference; lastKnownFileType = folder.assetcatalog; path = Assets.xcassets; sourceTree = "<group>"; };
		FE5505F527353DE2006B523E /* Base */ = {isa = PBXFileReference; lastKnownFileType = file.storyboard; name = Base; path = Base.lproj/LaunchScreen.storyboard; sourceTree = "<group>"; };
		FE5505F727353DE2006B523E /* Info.plist */ = {isa = PBXFileReference; lastKnownFileType = text.plist.xml; path = Info.plist; sourceTree = "<group>"; };
		FE5505FD273579EC006B523E /* MainViewController.swift */ = {isa = PBXFileReference; lastKnownFileType = sourcecode.swift; path = MainViewController.swift; sourceTree = "<group>"; };
		FE5505FF273579FC006B523E /* SettingViewController.swift */ = {isa = PBXFileReference; lastKnownFileType = sourcecode.swift; path = SettingViewController.swift; sourceTree = "<group>"; };
		FE550601273585B4006B523E /* MainTableViewCell.swift */ = {isa = PBXFileReference; lastKnownFileType = sourcecode.swift; path = MainTableViewCell.swift; sourceTree = "<group>"; };
		FE55060327359449006B523E /* MainTopViewDesign.swift */ = {isa = PBXFileReference; lastKnownFileType = sourcecode.swift; path = MainTopViewDesign.swift; sourceTree = "<group>"; };
/* End PBXFileReference section */

/* Begin PBXFrameworksBuildPhase section */
		FE5505E327353DDF006B523E /* Frameworks */ = {
			isa = PBXFrameworksBuildPhase;
			buildActionMask = 2147483647;
			files = (
			);
			runOnlyForDeploymentPostprocessing = 0;
		};
/* End PBXFrameworksBuildPhase section */

/* Begin PBXGroup section */
		FE5505DD27353DDF006B523E = {
			isa = PBXGroup;
			children = (
				FE5505E827353DDF006B523E /* shopList */,
				FE5505E727353DDF006B523E /* Products */,
			);
			sourceTree = "<group>";
		};
		FE5505E727353DDF006B523E /* Products */ = {
			isa = PBXGroup;
			children = (
				FE5505E627353DDF006B523E /* shopList.app */,
			);
			name = Products;
			sourceTree = "<group>";
		};
		FE5505E827353DDF006B523E /* shopList */ = {
			isa = PBXGroup;
			children = (
				FE5505E927353DDF006B523E /* AppDelegate.swift */,
				FE5505EB27353DDF006B523E /* SceneDelegate.swift */,
				FE5505ED27353DDF006B523E /* ViewController.swift */,
				FE5505EF27353DDF006B523E /* Main.storyboard */,
				FE5505FF273579FC006B523E /* SettingViewController.swift */,
				FE5505FD273579EC006B523E /* MainViewController.swift */,
				FE55060327359449006B523E /* MainTopViewDesign.swift */,
				FE550601273585B4006B523E /* MainTableViewCell.swift */,
				FE5505F227353DE2006B523E /* Assets.xcassets */,
				FE5505F427353DE2006B523E /* LaunchScreen.storyboard */,
				FE5505F727353DE2006B523E /* Info.plist */,
			);
			path = shopList;
			sourceTree = "<group>";
		};
/* End PBXGroup section */

/* Begin PBXNativeTarget section */
		FE5505E527353DDF006B523E /* shopList */ = {
			isa = PBXNativeTarget;
			buildConfigurationList = FE5505FA27353DE2006B523E /* Build configuration list for PBXNativeTarget "shopList" */;
			buildPhases = (
				FE5505E227353DDF006B523E /* Sources */,
				FE5505E327353DDF006B523E /* Frameworks */,
				FE5505E427353DDF006B523E /* Resources */,
			);
			buildRules = (
			);
			dependencies = (
			);
			name = shopList;
			productName = shopList;
			productReference = FE5505E627353DDF006B523E /* shopList.app */;
			productType = "com.apple.product-type.application";
		};
/* End PBXNativeTarget section */

/* Begin PBXProject section */
		FE5505DE27353DDF006B523E /* Project object */ = {
			isa = PBXProject;
			attributes = {
				BuildIndependentTargetsInParallel = 1;
				LastSwiftUpdateCheck = 1310;
				LastUpgradeCheck = 1310;
				TargetAttributes = {
					FE5505E527353DDF006B523E = {
						CreatedOnToolsVersion = 13.1;
					};
				};
			};
			buildConfigurationList = FE5505E127353DDF006B523E /* Build configuration list for PBXProject "shopList" */;
			compatibilityVersion = "Xcode 13.0";
			developmentRegion = en;
			hasScannedForEncodings = 0;
			knownRegions = (
				en,
				Base,
			);
			mainGroup = FE5505DD27353DDF006B523E;
			productRefGroup = FE5505E727353DDF006B523E /* Products */;
			projectDirPath = "";
			projectRoot = "";
			targets = (
				FE5505E527353DDF006B523E /* shopList */,
			);
		};
/* End PBXProject section */

/* Begin PBXResourcesBuildPhase section */
		FE5505E427353DDF006B523E /* Resources */ = {
			isa = PBXResourcesBuildPhase;
			buildActionMask = 2147483647;
			files = (
				FE5505F627353DE2006B523E /* LaunchScreen.storyboard in Resources */,
				FE5505F327353DE2006B523E /* Assets.xcassets in Resources */,
				FE5505F127353DDF006B523E /* Main.storyboard in Resources */,
			);
			runOnlyForDeploymentPostprocessing = 0;
		};
/* End PBXResourcesBuildPhase section */

/* Begin PBXSourcesBuildPhase section */
		FE5505E227353DDF006B523E /* Sources */ = {
			isa = PBXSourcesBuildPhase;
			buildActionMask = 2147483647;
			files = (
				FE550600273579FC006B523E /* SettingViewController.swift in Sources */,
				FE55060427359449006B523E /* MainTopViewDesign.swift in Sources */,
				FE5505EE27353DDF006B523E /* ViewController.swift in Sources */,
				FE5505EA27353DDF006B523E /* AppDelegate.swift in Sources */,
				FE5505EC27353DDF006B523E /* SceneDelegate.swift in Sources */,
				FE550602273585B4006B523E /* MainTableViewCell.swift in Sources */,
				FE5505FE273579EC006B523E /* MainViewController.swift in Sources */,
			);
			runOnlyForDeploymentPostprocessing = 0;
		};
/* End PBXSourcesBuildPhase section */

/* Begin PBXVariantGroup section */
		FE5505EF27353DDF006B523E /* Main.storyboard */ = {
			isa = PBXVariantGroup;
			children = (
				FE5505F027353DDF006B523E /* Base */,
			);
			name = Main.storyboard;
			sourceTree = "<group>";
		};
		FE5505F427353DE2006B523E /* LaunchScreen.storyboard */ = {
			isa = PBXVariantGroup;
			children = (
				FE5505F527353DE2006B523E /* Base */,
			);
			name = LaunchScreen.storyboard;
			sourceTree = "<group>";
		};
/* End PBXVariantGroup section */

/* Begin XCBuildConfiguration section */
		FE5505F827353DE2006B523E /* Debug */ = {
			isa = XCBuildConfiguration;
			buildSettings = {
				ALWAYS_SEARCH_USER_PATHS = NO;
				CLANG_ANALYZER_NONNULL = YES;
				CLANG_ANALYZER_NUMBER_OBJECT_CONVERSION = YES_AGGRESSIVE;
				CLANG_CXX_LANGUAGE_STANDARD = "gnu++17";
				CLANG_CXX_LIBRARY = "libc++";
				CLANG_ENABLE_MODULES = YES;
				CLANG_ENABLE_OBJC_ARC = YES;
				CLANG_ENABLE_OBJC_WEAK = YES;
				CLANG_WARN_BLOCK_CAPTURE_AUTORELEASING = YES;
				CLANG_WARN_BOOL_CONVERSION = YES;
				CLANG_WARN_COMMA = YES;
				CLANG_WARN_CONSTANT_CONVERSION = YES;
				CLANG_WARN_DEPRECATED_OBJC_IMPLEMENTATIONS = YES;
				CLANG_WARN_DIRECT_OBJC_ISA_USAGE = YES_ERROR;
				CLANG_WARN_DOCUMENTATION_COMMENTS = YES;
				CLANG_WARN_EMPTY_BODY = YES;
				CLANG_WARN_ENUM_CONVERSION = YES;
				CLANG_WARN_INFINITE_RECURSION = YES;
				CLANG_WARN_INT_CONVERSION = YES;
				CLANG_WARN_NON_LITERAL_NULL_CONVERSION = YES;
				CLANG_WARN_OBJC_IMPLICIT_RETAIN_SELF = YES;
				CLANG_WARN_OBJC_LITERAL_CONVERSION = YES;
				CLANG_WARN_OBJC_ROOT_CLASS = YES_ERROR;
				CLANG_WARN_QUOTED_INCLUDE_IN_FRAMEWORK_HEADER = YES;
				CLANG_WARN_RANGE_LOOP_ANALYSIS = YES;
				CLANG_WARN_STRICT_PROTOTYPES = YES;
				CLANG_WARN_SUSPICIOUS_MOVE = YES;
				CLANG_WARN_UNGUARDED_AVAILABILITY = YES_AGGRESSIVE;
				CLANG_WARN_UNREACHABLE_CODE = YES;
				CLANG_WARN__DUPLICATE_METHOD_MATCH = YES;
				COPY_PHASE_STRIP = NO;
				DEBUG_INFORMATION_FORMAT = dwarf;
				ENABLE_STRICT_OBJC_MSGSEND = YES;
				ENABLE_TESTABILITY = YES;
				GCC_C_LANGUAGE_STANDARD = gnu11;
				GCC_DYNAMIC_NO_PIC = NO;
				GCC_NO_COMMON_BLOCKS = YES;
				GCC_OPTIMIZATION_LEVEL = 0;
				GCC_PREPROCESSOR_DEFINITIONS = (
					"DEBUG=1",
					"$(inherited)",
				);
				GCC_WARN_64_TO_32_BIT_CONVERSION = YES;
				GCC_WARN_ABOUT_RETURN_TYPE = YES_ERROR;
				GCC_WARN_UNDECLARED_SELECTOR = YES;
				GCC_WARN_UNINITIALIZED_AUTOS = YES_AGGRESSIVE;
				GCC_WARN_UNUSED_FUNCTION = YES;
				GCC_WARN_UNUSED_VARIABLE = YES;
				IPHONEOS_DEPLOYMENT_TARGET = 15.0;
				MTL_ENABLE_DEBUG_INFO = INCLUDE_SOURCE;
				MTL_FAST_MATH = YES;
				ONLY_ACTIVE_ARCH = YES;
				SDKROOT = iphoneos;
				SWIFT_ACTIVE_COMPILATION_CONDITIONS = DEBUG;
				SWIFT_OPTIMIZATION_LEVEL = "-Onone";
			};
			name = Debug;
		};
		FE5505F927353DE2006B523E /* Release */ = {
			isa = XCBuildConfiguration;
			buildSettings = {
				ALWAYS_SEARCH_USER_PATHS = NO;
				CLANG_ANALYZER_NONNULL = YES;
				CLANG_ANALYZER_NUMBER_OBJECT_CONVERSION = YES_AGGRESSIVE;
				CLANG_CXX_LANGUAGE_STANDARD = "gnu++17";
				CLANG_CXX_LIBRARY = "libc++";
				CLANG_ENABLE_MODULES = YES;
				CLANG_ENABLE_OBJC_ARC = YES;
				CLANG_ENABLE_OBJC_WEAK = YES;
				CLANG_WARN_BLOCK_CAPTURE_AUTORELEASING = YES;
				CLANG_WARN_BOOL_CONVERSION = YES;
				CLANG_WARN_COMMA = YES;
				CLANG_WARN_CONSTANT_CONVERSION = YES;
				CLANG_WARN_DEPRECATED_OBJC_IMPLEMENTATIONS = YES;
				CLANG_WARN_DIRECT_OBJC_ISA_USAGE = YES_ERROR;
				CLANG_WARN_DOCUMENTATION_COMMENTS = YES;
				CLANG_WARN_EMPTY_BODY = YES;
				CLANG_WARN_ENUM_CONVERSION = YES;
				CLANG_WARN_INFINITE_RECURSION = YES;
				CLANG_WARN_INT_CONVERSION = YES;
				CLANG_WARN_NON_LITERAL_NULL_CONVERSION = YES;
				CLANG_WARN_OBJC_IMPLICIT_RETAIN_SELF = YES;
				CLANG_WARN_OBJC_LITERAL_CONVERSION = YES;
				CLANG_WARN_OBJC_ROOT_CLASS = YES_ERROR;
				CLANG_WARN_QUOTED_INCLUDE_IN_FRAMEWORK_HEADER = YES;
				CLANG_WARN_RANGE_LOOP_ANALYSIS = YES;
				CLANG_WARN_STRICT_PROTOTYPES = YES;
				CLANG_WARN_SUSPICIOUS_MOVE = YES;
				CLANG_WARN_UNGUARDED_AVAILABILITY = YES_AGGRESSIVE;
				CLANG_WARN_UNREACHABLE_CODE = YES;
				CLANG_WARN__DUPLICATE_METHOD_MATCH = YES;
				COPY_PHASE_STRIP = NO;
				DEBUG_INFORMATION_FORMAT = "dwarf-with-dsym";
				ENABLE_NS_ASSERTIONS = NO;
				ENABLE_STRICT_OBJC_MSGSEND = YES;
				GCC_C_LANGUAGE_STANDARD = gnu11;
				GCC_NO_COMMON_BLOCKS = YES;
				GCC_WARN_64_TO_32_BIT_CONVERSION = YES;
				GCC_WARN_ABOUT_RETURN_TYPE = YES_ERROR;
				GCC_WARN_UNDECLARED_SELECTOR = YES;
				GCC_WARN_UNINITIALIZED_AUTOS = YES_AGGRESSIVE;
				GCC_WARN_UNUSED_FUNCTION = YES;
				GCC_WARN_UNUSED_VARIABLE = YES;
				IPHONEOS_DEPLOYMENT_TARGET = 15.0;
				MTL_ENABLE_DEBUG_INFO = NO;
				MTL_FAST_MATH = YES;
				SDKROOT = iphoneos;
				SWIFT_COMPILATION_MODE = wholemodule;
				SWIFT_OPTIMIZATION_LEVEL = "-O";
				VALIDATE_PRODUCT = YES;
			};
			name = Release;
		};
		FE5505FB27353DE2006B523E /* Debug */ = {
			isa = XCBuildConfiguration;
			buildSettings = {
				ASSETCATALOG_COMPILER_APPICON_NAME = AppIcon;
				ASSETCATALOG_COMPILER_GLOBAL_ACCENT_COLOR_NAME = AccentColor;
				CODE_SIGN_STYLE = Automatic;
				CURRENT_PROJECT_VERSION = 1;
				DEVELOPMENT_TEAM = NNJ9X2K872;
				GENERATE_INFOPLIST_FILE = YES;
				INFOPLIST_FILE = shopList/Info.plist;
				INFOPLIST_KEY_UIApplicationSupportsIndirectInputEvents = YES;
				INFOPLIST_KEY_UILaunchStoryboardName = LaunchScreen;
				INFOPLIST_KEY_UIMainStoryboardFile = Main;
				INFOPLIST_KEY_UISupportedInterfaceOrientations_iPad = "UIInterfaceOrientationPortrait UIInterfaceOrientationPortraitUpsideDown UIInterfaceOrientationLandscapeLeft UIInterfaceOrientationLandscapeRight";
				INFOPLIST_KEY_UISupportedInterfaceOrientations_iPhone = "UIInterfaceOrientationPortrait UIInterfaceOrientationLandscapeLeft UIInterfaceOrientationLandscapeRight";
				LD_RUNPATH_SEARCH_PATHS = (
					"$(inherited)",
					"@executable_path/Frameworks",
				);
				MARKETING_VERSION = 1.0;
				PRODUCT_BUNDLE_IDENTIFIER = com.Hoo.shopList;
				PRODUCT_NAME = "$(TARGET_NAME)";
				SWIFT_EMIT_LOC_STRINGS = YES;
				SWIFT_VERSION = 5.0;
				TARGETED_DEVICE_FAMILY = 1;
			};
			name = Debug;
		};
		FE5505FC27353DE2006B523E /* Release */ = {
			isa = XCBuildConfiguration;
			buildSettings = {
				ASSETCATALOG_COMPILER_APPICON_NAME = AppIcon;
				ASSETCATALOG_COMPILER_GLOBAL_ACCENT_COLOR_NAME = AccentColor;
				CODE_SIGN_STYLE = Automatic;
				CURRENT_PROJECT_VERSION = 1;
				DEVELOPMENT_TEAM = NNJ9X2K872;
				GENERATE_INFOPLIST_FILE = YES;
				INFOPLIST_FILE = shopList/Info.plist;
				INFOPLIST_KEY_UIApplicationSupportsIndirectInputEvents = YES;
				INFOPLIST_KEY_UILaunchStoryboardName = LaunchScreen;
				INFOPLIST_KEY_UIMainStoryboardFile = Main;
				INFOPLIST_KEY_UISupportedInterfaceOrientations_iPad = "UIInterfaceOrientationPortrait UIInterfaceOrientationPortraitUpsideDown UIInterfaceOrientationLandscapeLeft UIInterfaceOrientationLandscapeRight";
				INFOPLIST_KEY_UISupportedInterfaceOrientations_iPhone = "UIInterfaceOrientationPortrait UIInterfaceOrientationLandscapeLeft UIInterfaceOrientationLandscapeRight";
				LD_RUNPATH_SEARCH_PATHS = (
					"$(inherited)",
					"@executable_path/Frameworks",
				);
				MARKETING_VERSION = 1.0;
				PRODUCT_BUNDLE_IDENTIFIER = com.Hoo.shopList;
				PRODUCT_NAME = "$(TARGET_NAME)";
				SWIFT_EMIT_LOC_STRINGS = YES;
				SWIFT_VERSION = 5.0;
				TARGETED_DEVICE_FAMILY = 1;
			};
			name = Release;
		};
/* End XCBuildConfiguration section */

/* Begin XCConfigurationList section */
		FE5505E127353DDF006B523E /* Build configuration list for PBXProject "shopList" */ = {
			isa = XCConfigurationList;
			buildConfigurations = (
				FE5505F827353DE2006B523E /* Debug */,
				FE5505F927353DE2006B523E /* Release */,
			);
			defaultConfigurationIsVisible = 0;
			defaultConfigurationName = Release;
		};
		FE5505FA27353DE2006B523E /* Build configuration list for PBXNativeTarget "shopList" */ = {
			isa = XCConfigurationList;
			buildConfigurations = (
				FE5505FB27353DE2006B523E /* Debug */,
				FE5505FC27353DE2006B523E /* Release */,
			);
			defaultConfigurationIsVisible = 0;
			defaultConfigurationName = Release;
		};
/* End XCConfigurationList section */
	};
	rootObject = FE5505DE27353DDF006B523E /* Project object */;
}
